<?xml version="1.0"?>
<!DOCTYPE CodeBlocks_project_file>
<CodeBlocks_project_file>
	<FileVersion major="1" minor="1"/>
	<Project>
		<Option title="Client3d"/>
		<Option makefile="Makefile"/>
		<Option makefile_is_custom="0"/>
		<Option active_target="0"/>
		<Option compiler="0"/>
		<Build>
			<Target title="32bit">
				<Option output="../../../client3d"/>
				<Option working_dir="../../../"/>
				<Option object_output=".objs"/>
				<Option deps_output=".deps"/>
				<Option type="1"/>
				<Option compiler="0"/>
				<Option projectResourceIncludeDirsRelation="1"/>
				<Compiler>
					<Add option="-march=pentium2"/>
				</Compiler>
				<Linker>
					<Add library="fmodex"/>
					<Add directory="../../linux"/>
				</Linker>
			</Target>
			<Target title="64bit">
				<Option output="../../../client3d"/>
				<Option working_dir="../../../"/>
				<Option object_output=".objs"/>
				<Option deps_output=".deps"/>
				<Option type="1"/>
				<Option compiler="0"/>
				<Option projectResourceIncludeDirsRelation="1"/>
				<Linker>
					<Add library="fmodex64"/>
				</Linker>
			</Target>
		</Build>
		<Compiler>
			<Add option="-w"/>
			<Add directory="/usr/include/OGRE"/>
			<Add directory="../../../source/include"/>
			<Add directory="../../../source/3rdParty/zlib"/>
			<Add directory="../../../source/3rdParty/tinyxml"/>
			<Add directory="../../../source/3rdParty/fmod"/>
		</Compiler>
		<Linker>
			<Add option="-s"/>
			<Add library="OgreMain"/>
			<Add directory="../../linux"/>
		</Linker>
		<ExtraCommands>
			<Add after="cp plugins.cfg ../../../plugins.cfg"/>
		</ExtraCommands>
		<Unit filename="ReadMe.txt">
			<Option compilerVar=""/>
			<Option compile="0"/>
			<Option link="0"/>
			<Option target="32bit"/>
			<Option target="64bit"/>
		</Unit>
		<Unit filename="../../../source/3rdParty/tinyxml/tinystr.cpp">
			<Option compilerVar="CPP"/>
			<Option target="32bit"/>
			<Option target="64bit"/>
		</Unit>
		<Unit filename="../../../source/3rdParty/tinyxml/tinystr.h">
			<Option compilerVar=""/>
			<Option compile="0"/>
			<Option link="0"/>
			<Option target="32bit"/>
			<Option target="64bit"/>
		</Unit>
		<Unit filename="../../../source/3rdParty/tinyxml/tinyxml.cpp">
			<Option compilerVar="CPP"/>
			<Option target="32bit"/>
			<Option target="64bit"/>
		</Unit>
		<Unit filename="../../../source/3rdParty/tinyxml/tinyxml.h">
			<Option compilerVar=""/>
			<Option compile="0"/>
			<Option link="0"/>
			<Option target="32bit"/>
			<Option target="64bit"/>
		</Unit>
		<Unit filename="../../../source/3rdParty/tinyxml/tinyxmlerror.cpp">
			<Option compilerVar="CPP"/>
			<Option target="32bit"/>
			<Option target="64bit"/>
		</Unit>
		<Unit filename="../../../source/3rdParty/tinyxml/tinyxmlparser.cpp">
			<Option compilerVar="CPP"/>
			<Option target="32bit"/>
			<Option target="64bit"/>
		</Unit>
		<Unit filename="../../../source/3rdParty/zlib/adler32.c">
			<Option compilerVar="CC"/>
			<Option target="32bit"/>
			<Option target="64bit"/>
		</Unit>
		<Unit filename="../../../source/3rdParty/zlib/crc32.c">
			<Option compilerVar="CC"/>
			<Option target="32bit"/>
			<Option target="64bit"/>
		</Unit>
		<Unit filename="../../../source/3rdParty/zlib/crc32.h">
			<Option compilerVar=""/>
			<Option compile="0"/>
			<Option link="0"/>
			<Option target="32bit"/>
			<Option target="64bit"/>
		</Unit>
		<Unit filename="../../../source/3rdParty/zlib/inffast.c">
			<Option compilerVar="CC"/>
			<Option target="32bit"/>
			<Option target="64bit"/>
		</Unit>
		<Unit filename="../../../source/3rdParty/zlib/inffast.h">
			<Option compilerVar=""/>
			<Option compile="0"/>
			<Option link="0"/>
			<Option target="32bit"/>
			<Option target="64bit"/>
		</Unit>
		<Unit filename="../../../source/3rdParty/zlib/inflate.c">
			<Option compilerVar="CC"/>
			<Option target="32bit"/>
			<Option target="64bit"/>
		</Unit>
		<Unit filename="../../../source/3rdParty/zlib/inflate.h">
			<Option compilerVar=""/>
			<Option compile="0"/>
			<Option link="0"/>
			<Option target="32bit"/>
			<Option target="64bit"/>
		</Unit>
		<Unit filename="../../../source/3rdParty/zlib/inftrees.c">
			<Option compilerVar="CC"/>
			<Option target="32bit"/>
			<Option target="64bit"/>
		</Unit>
		<Unit filename="../../../source/3rdParty/zlib/inftrees.h">
			<Option compilerVar=""/>
			<Option compile="0"/>
			<Option link="0"/>
			<Option target="32bit"/>
			<Option target="64bit"/>
		</Unit>
		<Unit filename="../../../source/3rdParty/zlib/uncompr.c">
			<Option compilerVar="CC"/>
			<Option target="32bit"/>
			<Option target="64bit"/>
		</Unit>
		<Unit filename="../../../source/3rdParty/zlib/zconf.h">
			<Option compilerVar=""/>
			<Option compile="0"/>
			<Option link="0"/>
			<Option target="32bit"/>
			<Option target="64bit"/>
		</Unit>
		<Unit filename="../../../source/3rdParty/zlib/zlib.h">
			<Option compilerVar=""/>
			<Option compile="0"/>
			<Option link="0"/>
			<Option target="32bit"/>
			<Option target="64bit"/>
		</Unit>
		<Unit filename="../../../source/3rdParty/zlib/zutil.c">
			<Option compilerVar="CC"/>
			<Option target="32bit"/>
			<Option target="64bit"/>
		</Unit>
		<Unit filename="../../../source/3rdParty/zlib/zutil.h">
			<Option compilerVar=""/>
			<Option compile="0"/>
			<Option link="0"/>
			<Option target="32bit"/>
			<Option target="64bit"/>
		</Unit>
		<Unit filename="../../../source/TileChunk.cpp">
			<Option compilerVar="CPP"/>
			<Option target="32bit"/>
			<Option target="64bit"/>
		</Unit>
		<Unit filename="../../../source/TileInterface.cpp">
			<Option compilerVar="CPP"/>
			<Option target="32bit"/>
			<Option target="64bit"/>
		</Unit>
		<Unit filename="../../../source/TileManager.cpp">
			<Option compilerVar="CPP"/>
			<Option target="32bit"/>
			<Option target="64bit"/>
		</Unit>
		<Unit filename="../../../source/events.cpp">
			<Option compilerVar="CPP"/>
			<Option target="32bit"/>
			<Option target="64bit"/>
		</Unit>
		<Unit filename="../../../source/events_user.cpp">
			<Option compilerVar="CPP"/>
			<Option target="32bit"/>
			<Option target="64bit"/>
		</Unit>
		<Unit filename="../../../source/gui_animation.cpp">
			<Option compilerVar="CPP"/>
			<Option target="32bit"/>
			<Option target="64bit"/>
		</Unit>
		<Unit filename="../../../source/gui_container.cpp">
			<Option compilerVar="CPP"/>
			<Option target="32bit"/>
			<Option target="64bit"/>
		</Unit>
		<Unit filename="../../../source/gui_cursor.cpp">
			<Option compilerVar="CPP"/>
			<Option target="32bit"/>
			<Option target="64bit"/>
		</Unit>
		<Unit filename="../../../source/gui_element.cpp">
			<Option compilerVar="CPP"/>
			<Option target="32bit"/>
			<Option target="64bit"/>
		</Unit>
		<Unit filename="../../../source/gui_gadget.cpp">
			<Option compilerVar="CPP"/>
			<Option target="32bit"/>
			<Option target="64bit"/>
		</Unit>
		<Unit filename="../../../source/gui_graphic.cpp">
			<Option compilerVar="CPP"/>
			<Option target="32bit"/>
			<Option target="64bit"/>
		</Unit>
		<Unit filename="../../../source/gui_imageset.cpp">
			<Option compilerVar="CPP"/>
			<Option target="32bit"/>
			<Option target="64bit"/>
		</Unit>
		<Unit filename="../../../source/gui_listbox.cpp">
			<Option compilerVar="CPP"/>
			<Option target="32bit"/>
			<Option target="64bit"/>
		</Unit>
		<Unit filename="../../../source/gui_manager.cpp">
			<Option compilerVar="CPP"/>
			<Option target="32bit"/>
			<Option target="64bit"/>
		</Unit>
		<Unit filename="../../../source/gui_statusbar.cpp">
			<Option compilerVar="CPP"/>
			<Option target="32bit"/>
			<Option target="64bit"/>
		</Unit>
		<Unit filename="../../../source/gui_textout.cpp">
			<Option compilerVar="CPP"/>
			<Option target="32bit"/>
			<Option target="64bit"/>
		</Unit>
		<Unit filename="../../../source/gui_window.cpp">
			<Option compilerVar="CPP"/>
			<Option target="32bit"/>
			<Option target="64bit"/>
		</Unit>
		<Unit filename="../../../source/include/TileChunk.h">
			<Option compilerVar=""/>
			<Option compile="0"/>
			<Option link="0"/>
			<Option target="32bit"/>
			<Option target="64bit"/>
		</Unit>
		<Unit filename="../../../source/include/TileInterface.h">
			<Option compilerVar=""/>
			<Option compile="0"/>
			<Option link="0"/>
			<Option target="32bit"/>
			<Option target="64bit"/>
		</Unit>
		<Unit filename="../../../source/include/TileManager.h">
			<Option compilerVar=""/>
			<Option compile="0"/>
			<Option link="0"/>
			<Option target="32bit"/>
			<Option target="64bit"/>
		</Unit>
		<Unit filename="../../../source/include/define.h">
			<Option compilerVar=""/>
			<Option compile="0"/>
			<Option link="0"/>
			<Option target="32bit"/>
			<Option target="64bit"/>
		</Unit>
		<Unit filename="../../../source/include/event.h">
			<Option compilerVar=""/>
			<Option compile="0"/>
			<Option link="0"/>
			<Option target="32bit"/>
			<Option target="64bit"/>
		</Unit>
		<Unit filename="../../../source/include/gui_animation.h">
			<Option compilerVar=""/>
			<Option compile="0"/>
			<Option link="0"/>
			<Option target="32bit"/>
			<Option target="64bit"/>
		</Unit>
		<Unit filename="../../../source/include/gui_container.h">
			<Option compilerVar=""/>
			<Option compile="0"/>
			<Option link="0"/>
			<Option target="32bit"/>
			<Option target="64bit"/>
		</Unit>
		<Unit filename="../../../source/include/gui_cursor.h">
			<Option compilerVar=""/>
			<Option compile="0"/>
			<Option link="0"/>
			<Option target="32bit"/>
			<Option target="64bit"/>
		</Unit>
		<Unit filename="../../../source/include/gui_element.h">
			<Option compilerVar=""/>
			<Option compile="0"/>
			<Option link="0"/>
			<Option target="32bit"/>
			<Option target="64bit"/>
		</Unit>
		<Unit filename="../../../source/include/gui_gadget.h">
			<Option compilerVar=""/>
			<Option compile="0"/>
			<Option link="0"/>
			<Option target="32bit"/>
			<Option target="64bit"/>
		</Unit>
		<Unit filename="../../../source/include/gui_graphic.h">
			<Option compilerVar=""/>
			<Option compile="0"/>
			<Option link="0"/>
			<Option target="32bit"/>
			<Option target="64bit"/>
		</Unit>
		<Unit filename="../../../source/include/gui_imageset.h">
			<Option compilerVar=""/>
			<Option compile="0"/>
			<Option link="0"/>
			<Option target="32bit"/>
			<Option target="64bit"/>
		</Unit>
		<Unit filename="../../../source/include/gui_listbox.h">
			<Option compilerVar=""/>
			<Option compile="0"/>
			<Option link="0"/>
			<Option target="32bit"/>
			<Option target="64bit"/>
		</Unit>
		<Unit filename="../../../source/include/gui_manager.h">
			<Option compilerVar=""/>
			<Option compile="0"/>
			<Option link="0"/>
			<Option target="32bit"/>
			<Option target="64bit"/>
		</Unit>
		<Unit filename="../../../source/include/gui_statusbar.h">
			<Option compilerVar=""/>
			<Option compile="0"/>
			<Option link="0"/>
			<Option target="32bit"/>
			<Option target="64bit"/>
		</Unit>
		<Unit filename="../../../source/include/gui_textinput.h">
			<Option compilerVar=""/>
			<Option compile="0"/>
			<Option link="0"/>
			<Option target="32bit"/>
			<Option target="64bit"/>
		</Unit>
		<Unit filename="../../../source/include/gui_textout.h">
			<Option compilerVar=""/>
			<Option compile="0"/>
			<Option link="0"/>
			<Option target="32bit"/>
			<Option target="64bit"/>
		</Unit>
		<Unit filename="../../../source/include/gui_window.h">
			<Option compilerVar=""/>
			<Option compile="0"/>
			<Option link="0"/>
			<Option target="32bit"/>
			<Option target="64bit"/>
		</Unit>
		<Unit filename="../../../source/include/light_manager.h">
			<Option compilerVar=""/>
			<Option compile="0"/>
			<Option link="0"/>
			<Option target="32bit"/>
			<Option target="64bit"/>
		</Unit>
		<Unit filename="../../../source/include/logger.h">
			<Option compilerVar=""/>
			<Option compile="0"/>
			<Option link="0"/>
			<Option target="32bit"/>
			<Option target="64bit"/>
		</Unit>
		<Unit filename="../../../source/include/network.h">
			<Option compilerVar=""/>
			<Option compile="0"/>
			<Option link="0"/>
			<Option target="32bit"/>
			<Option target="64bit"/>
		</Unit>
		<Unit filename="../../../source/include/network_serverfile.h">
			<Option compilerVar=""/>
			<Option compile="0"/>
			<Option link="0"/>
			<Option target="32bit"/>
			<Option target="64bit"/>
		</Unit>
		<Unit filename="../../../source/include/object_animate.h">
			<Option compilerVar=""/>
			<Option compile="0"/>
			<Option link="0"/>
			<Option target="32bit"/>
			<Option target="64bit"/>
		</Unit>
		<Unit filename="../../../source/include/object_manager.h">
			<Option compilerVar=""/>
			<Option compile="0"/>
			<Option link="0"/>
			<Option target="32bit"/>
			<Option target="64bit"/>
		</Unit>
		<Unit filename="../../../source/include/object_npc.h">
			<Option compilerVar=""/>
			<Option compile="0"/>
			<Option link="0"/>
			<Option target="32bit"/>
			<Option target="64bit"/>
		</Unit>
		<Unit filename="../../../source/include/object_static.h">
			<Option compilerVar=""/>
			<Option compile="0"/>
			<Option link="0"/>
			<Option target="32bit"/>
			<Option target="64bit"/>
		</Unit>
		<Unit filename="../../../source/include/option.h">
			<Option compilerVar=""/>
			<Option compile="0"/>
			<Option link="0"/>
			<Option target="32bit"/>
			<Option target="64bit"/>
		</Unit>
		<Unit filename="../../../source/include/particle.h">
			<Option compilerVar=""/>
			<Option compile="0"/>
			<Option link="0"/>
			<Option target="32bit"/>
			<Option target="64bit"/>
		</Unit>
		<Unit filename="../../../source/include/particle_manager.h">
			<Option compilerVar=""/>
			<Option compile="0"/>
			<Option link="0"/>
			<Option target="32bit"/>
			<Option target="64bit"/>
		</Unit>
		<Unit filename="../../../source/include/serverfile.h">
			<Option compilerVar=""/>
			<Option compile="0"/>
			<Option link="0"/>
			<Option target="32bit"/>
			<Option target="64bit"/>
		</Unit>
		<Unit filename="../../../source/include/sound.h">
			<Option compilerVar=""/>
			<Option compile="0"/>
			<Option link="0"/>
			<Option target="32bit"/>
			<Option target="64bit"/>
		</Unit>
		<Unit filename="../../../source/include/spell_manager.h">
			<Option compilerVar=""/>
			<Option compile="0"/>
			<Option link="0"/>
			<Option target="32bit"/>
			<Option target="64bit"/>
		</Unit>
		<Unit filename="../../../source/include/spell_range.h">
			<Option compilerVar=""/>
			<Option compile="0"/>
			<Option link="0"/>
			<Option target="32bit"/>
			<Option target="64bit"/>
		</Unit>
		<Unit filename="../../../source/light_manager.cpp">
			<Option compilerVar="CPP"/>
			<Option target="32bit"/>
			<Option target="64bit"/>
		</Unit>
		<Unit filename="../../../source/logger.cpp">
			<Option compilerVar="CPP"/>
			<Option target="32bit"/>
			<Option target="64bit"/>
		</Unit>
		<Unit filename="../../../source/main.cpp">
			<Option compilerVar="CPP"/>
			<Option target="32bit"/>
			<Option target="64bit"/>
		</Unit>
		<Unit filename="../../../source/network.cpp">
			<Option compilerVar="CPP"/>
			<Option target="32bit"/>
			<Option target="64bit"/>
		</Unit>
		<Unit filename="../../../source/network_cmd.cpp">
			<Option compilerVar="CPP"/>
			<Option target="32bit"/>
			<Option target="64bit"/>
		</Unit>
		<Unit filename="../../../source/network_serverfile.cpp">
			<Option compilerVar="CPP"/>
			<Option target="32bit"/>
			<Option target="64bit"/>
		</Unit>
		<Unit filename="../../../source/object_animate.cpp">
			<Option compilerVar="CPP"/>
			<Option target="32bit"/>
			<Option target="64bit"/>
		</Unit>
		<Unit filename="../../../source/object_manager.cpp">
			<Option compilerVar="CPP"/>
			<Option target="32bit"/>
			<Option target="64bit"/>
		</Unit>
		<Unit filename="../../../source/object_npc.cpp">
			<Option compilerVar="CPP"/>
			<Option target="32bit"/>
			<Option target="64bit"/>
		</Unit>
		<Unit filename="../../../source/object_static.cpp">
			<Option compilerVar="CPP"/>
			<Option target="32bit"/>
			<Option target="64bit"/>
		</Unit>
		<Unit filename="../../../source/option.cpp">
			<Option compilerVar="CPP"/>
			<Option target="32bit"/>
			<Option target="64bit"/>
		</Unit>
		<Unit filename="../../../source/option_init.cpp">
			<Option compilerVar="CPP"/>
			<Option target="32bit"/>
			<Option target="64bit"/>
		</Unit>
		<Unit filename="../../../source/particle.cpp">
			<Option compilerVar="CPP"/>
			<Option target="32bit"/>
			<Option target="64bit"/>
		</Unit>
		<Unit filename="../../../source/particle_manager.cpp">
			<Option compilerVar="CPP"/>
			<Option target="32bit"/>
			<Option target="64bit"/>
		</Unit>
		<Unit filename="../../../source/sound.cpp">
			<Option compilerVar="CPP"/>
			<Option target="32bit"/>
			<Option target="64bit"/>
		</Unit>
		<Unit filename="../../../source/spell_manager.cpp">
			<Option compilerVar="CPP"/>
			<Option target="32bit"/>
			<Option target="64bit"/>
		</Unit>
		<Unit filename="../../../source/spell_range.cpp">
			<Option compilerVar="CPP"/>
			<Option target="32bit"/>
			<Option target="64bit"/>
		</Unit>
	</Project>
</CodeBlocks_project_file>
