<?xml version="1.0"?>
<!DOCTYPE Code::Blocks_project_file>
<Code::Blocks_project_file>
	<FileVersion major="1" minor="1"/>
	<Project>
		<Option title="Lualib"/>
		<Option makefile="Makefile"/>
		<Option makefile_is_custom="0"/>
		<Option default_target="-1"/>
		<Option active_target="0"/>
		<Option compiler="0"/>
		<Build>
			<Target title="Release">
				<Option output="Release\lua.a"/>
				<Option working_dir=""/>
				<Option object_output=".\Release"/>
				<Option deps_output=".deps"/>
				<Option external_deps=""/>
				<Option type="2"/>
				<Option compiler="0"/>
				<Option createDefFile="1"/>
				<Option projectResourceIncludeDirsRelation="2"/>
				<Compiler>
					<Add option="-W"/>
					<Add option="-DWIN32"/>
					<Add option="-DNDEBUG"/>
					<Add option="-D_LIB"/>
					<Add option="-DLUA_OPNAMES"/>
					<Add directory="..\..\..\..\src\lua\include"/>
				</Compiler>
			</Target>
			<Target title="Debug">
				<Option output="Debug\lua.a"/>
				<Option working_dir=""/>
				<Option object_output=".\Debug"/>
				<Option deps_output=".deps"/>
				<Option external_deps=""/>
				<Option type="2"/>
				<Option compiler="0"/>
				<Option createDefFile="1"/>
				<Option projectResourceIncludeDirsRelation="2"/>
				<Compiler>
					<Add option="-W"/>
					<Add option="-DWIN32"/>
					<Add option="-D_DEBUG"/>
					<Add option="-D_LIB"/>
					<Add option="-DLUA_OPNAMES"/>
					<Add directory="..\..\..\..\src\lua\include"/>
				</Compiler>
			</Target>
		</Build>
		<Compiler>
			<Add option="-g"/>
		</Compiler>
		<Unit filename="..\..\..\..\src\lua\include\lua.h">
			<Option compilerVar=""/>
			<Option compile="0"/>
			<Option link="0"/>
			<Option target="Release"/>
			<Option target="Debug"/>
		</Unit>
		<Unit filename="..\..\..\..\src\lua\lapi.c">
			<Option compilerVar="CC"/>
			<Option target="Release"/>
			<Option target="Debug"/>
		</Unit>
		<Unit filename="..\..\..\..\src\lua\lapi.h">
			<Option compilerVar=""/>
			<Option compile="0"/>
			<Option link="0"/>
			<Option target="Release"/>
			<Option target="Debug"/>
		</Unit>
		<Unit filename="..\..\..\..\src\lua\lcode.c">
			<Option compilerVar="CC"/>
			<Option target="Release"/>
			<Option target="Debug"/>
		</Unit>
		<Unit filename="..\..\..\..\src\lua\lcode.h">
			<Option compilerVar=""/>
			<Option compile="0"/>
			<Option link="0"/>
			<Option target="Release"/>
			<Option target="Debug"/>
		</Unit>
		<Unit filename="..\..\..\..\src\lua\ldebug.c">
			<Option compilerVar="CC"/>
			<Option target="Release"/>
			<Option target="Debug"/>
		</Unit>
		<Unit filename="..\..\..\..\src\lua\ldebug.h">
			<Option compilerVar=""/>
			<Option compile="0"/>
			<Option link="0"/>
			<Option target="Release"/>
			<Option target="Debug"/>
		</Unit>
		<Unit filename="..\..\..\..\src\lua\ldo.c">
			<Option compilerVar="CC"/>
			<Option target="Release"/>
			<Option target="Debug"/>
		</Unit>
		<Unit filename="..\..\..\..\src\lua\ldo.h">
			<Option compilerVar=""/>
			<Option compile="0"/>
			<Option link="0"/>
			<Option target="Release"/>
			<Option target="Debug"/>
		</Unit>
		<Unit filename="..\..\..\..\src\lua\ldump.c">
			<Option compilerVar="CC"/>
			<Option target="Release"/>
			<Option target="Debug"/>
		</Unit>
		<Unit filename="..\..\..\..\src\lua\lfunc.c">
			<Option compilerVar="CC"/>
			<Option target="Release"/>
			<Option target="Debug"/>
		</Unit>
		<Unit filename="..\..\..\..\src\lua\lfunc.h">
			<Option compilerVar=""/>
			<Option compile="0"/>
			<Option link="0"/>
			<Option target="Release"/>
			<Option target="Debug"/>
		</Unit>
		<Unit filename="..\..\..\..\src\lua\lgc.c">
			<Option compilerVar="CC"/>
			<Option target="Release"/>
			<Option target="Debug"/>
		</Unit>
		<Unit filename="..\..\..\..\src\lua\lgc.h">
			<Option compilerVar=""/>
			<Option compile="0"/>
			<Option link="0"/>
			<Option target="Release"/>
			<Option target="Debug"/>
		</Unit>
		<Unit filename="..\..\..\..\src\lua\llex.c">
			<Option compilerVar="CC"/>
			<Option target="Release"/>
			<Option target="Debug"/>
		</Unit>
		<Unit filename="..\..\..\..\src\lua\llex.h">
			<Option compilerVar=""/>
			<Option compile="0"/>
			<Option link="0"/>
			<Option target="Release"/>
			<Option target="Debug"/>
		</Unit>
		<Unit filename="..\..\..\..\src\lua\llimits.h">
			<Option compilerVar=""/>
			<Option compile="0"/>
			<Option link="0"/>
			<Option target="Release"/>
			<Option target="Debug"/>
		</Unit>
		<Unit filename="..\..\..\..\src\lua\lmem.c">
			<Option compilerVar="CC"/>
			<Option target="Release"/>
			<Option target="Debug"/>
		</Unit>
		<Unit filename="..\..\..\..\src\lua\lmem.h">
			<Option compilerVar=""/>
			<Option compile="0"/>
			<Option link="0"/>
			<Option target="Release"/>
			<Option target="Debug"/>
		</Unit>
		<Unit filename="..\..\..\..\src\lua\lobject.c">
			<Option compilerVar="CC"/>
			<Option target="Release"/>
			<Option target="Debug"/>
		</Unit>
		<Unit filename="..\..\..\..\src\lua\lobject.h">
			<Option compilerVar=""/>
			<Option compile="0"/>
			<Option link="0"/>
			<Option target="Release"/>
			<Option target="Debug"/>
		</Unit>
		<Unit filename="..\..\..\..\src\lua\lopcodes.c">
			<Option compilerVar="CC"/>
			<Option target="Release"/>
			<Option target="Debug"/>
		</Unit>
		<Unit filename="..\..\..\..\src\lua\lopcodes.h">
			<Option compilerVar=""/>
			<Option compile="0"/>
			<Option link="0"/>
			<Option target="Release"/>
			<Option target="Debug"/>
		</Unit>
		<Unit filename="..\..\..\..\src\lua\lparser.c">
			<Option compilerVar="CC"/>
			<Option target="Release"/>
			<Option target="Debug"/>
		</Unit>
		<Unit filename="..\..\..\..\src\lua\lparser.h">
			<Option compilerVar=""/>
			<Option compile="0"/>
			<Option link="0"/>
			<Option target="Release"/>
			<Option target="Debug"/>
		</Unit>
		<Unit filename="..\..\..\..\src\lua\lstate.c">
			<Option compilerVar="CC"/>
			<Option target="Release"/>
			<Option target="Debug"/>
		</Unit>
		<Unit filename="..\..\..\..\src\lua\lstate.h">
			<Option compilerVar=""/>
			<Option compile="0"/>
			<Option link="0"/>
			<Option target="Release"/>
			<Option target="Debug"/>
		</Unit>
		<Unit filename="..\..\..\..\src\lua\lstring.c">
			<Option compilerVar="CC"/>
			<Option target="Release"/>
			<Option target="Debug"/>
		</Unit>
		<Unit filename="..\..\..\..\src\lua\lstring.h">
			<Option compilerVar=""/>
			<Option compile="0"/>
			<Option link="0"/>
			<Option target="Release"/>
			<Option target="Debug"/>
		</Unit>
		<Unit filename="..\..\..\..\src\lua\ltable.c">
			<Option compilerVar="CC"/>
			<Option target="Release"/>
			<Option target="Debug"/>
		</Unit>
		<Unit filename="..\..\..\..\src\lua\ltable.h">
			<Option compilerVar=""/>
			<Option compile="0"/>
			<Option link="0"/>
			<Option target="Release"/>
			<Option target="Debug"/>
		</Unit>
		<Unit filename="..\..\..\..\src\lua\ltests.c">
			<Option compilerVar="CC"/>
			<Option target="Release"/>
			<Option target="Debug"/>
		</Unit>
		<Unit filename="..\..\..\..\src\lua\ltm.c">
			<Option compilerVar="CC"/>
			<Option target="Release"/>
			<Option target="Debug"/>
		</Unit>
		<Unit filename="..\..\..\..\src\lua\ltm.h">
			<Option compilerVar=""/>
			<Option compile="0"/>
			<Option link="0"/>
			<Option target="Release"/>
			<Option target="Debug"/>
		</Unit>
		<Unit filename="..\..\..\..\src\lua\lundump.c">
			<Option compilerVar="CC"/>
			<Option target="Release"/>
			<Option target="Debug"/>
		</Unit>
		<Unit filename="..\..\..\..\src\lua\lundump.h">
			<Option compilerVar=""/>
			<Option compile="0"/>
			<Option link="0"/>
			<Option target="Release"/>
			<Option target="Debug"/>
		</Unit>
		<Unit filename="..\..\..\..\src\lua\lvm.c">
			<Option compilerVar="CC"/>
			<Option target="Release"/>
			<Option target="Debug"/>
		</Unit>
		<Unit filename="..\..\..\..\src\lua\lvm.h">
			<Option compilerVar=""/>
			<Option compile="0"/>
			<Option link="0"/>
			<Option target="Release"/>
			<Option target="Debug"/>
		</Unit>
		<Unit filename="..\..\..\..\src\lua\lzio.c">
			<Option compilerVar="CC"/>
			<Option target="Release"/>
			<Option target="Debug"/>
		</Unit>
		<Unit filename="..\..\..\..\src\lua\lzio.h">
			<Option compilerVar=""/>
			<Option compile="0"/>
			<Option link="0"/>
			<Option target="Release"/>
			<Option target="Debug"/>
		</Unit>
	</Project>
</Code::Blocks_project_file>
