<?xml version="1.0" encoding="UTF-8" standalone="yes" ?>
<CodeBlocks_project_file>
	<FileVersion major="1" minor="6" />
	<Project>
		<Option title="client3d" />
		<Option compiler="gcc" />
		<Build>
			<Target title="Debug">
				<Option output="..\..\..\debug\client3d.exe" prefix_auto="0" extension_auto="0" />
				<Option working_dir="..\..\..\debug" />
				<Option object_output=".\obj\Debug" />
				<Option type="1" />
				<Option compiler="gcc" />
				<Option projectResourceIncludeDirsRelation="0" />
				<Compiler>
					<Add option="-Wall" />
					<Add option="-g" />
					<Add option="-D_DEBUG" />
				</Compiler>
				<Linker>
					<Add library="OgreMain_d" />
					<Add library="OIS_d" />
					<Add directory="..\..\..\debug\" />
				</Linker>
				<ExtraCommands>
					<Add after=".\..\..\_Tools_\cp.exe plugins_d.cfg ..\..\..\debug\plugins.cfg" />
					<Mode after="always" />
				</ExtraCommands>
			</Target>
			<Target title="Release">
				<Option output="..\..\..\client3d.exe" prefix_auto="0" extension_auto="0" />
				<Option working_dir="..\..\..\..\client3d" />
				<Option object_output=".\obj\Release" />
				<Option type="1" />
				<Option compiler="gcc" />
				<Option projectResourceIncludeDirsRelation="0" />
				<Compiler>
					<Add option="-Wall" />
					<Add option="-DNDEBUG" />
				</Compiler>
				<Linker>
					<Add option="-s" />
					<Add library="OgreMain" />
					<Add library="OIS" />
					<Add directory="..\..\..\" />
				</Linker>
				<ExtraCommands>
					<Add after=".\..\..\_Tools_\cp.exe plugins.cfg  ..\..\..\plugins.cfg" />
					<Mode after="always" />
				</ExtraCommands>
			</Target>
		</Build>
		<VirtualTargets>
			<Add alias="All" targets="Debug;Release;" />
		</VirtualTargets>
		<Compiler>
			<Add option="-mthreads" />
			<Add option="-fmessage-length=0" />
			<Add option="-fexceptions" />
			<Add option="-fident" />
			<Add option="-pipe" />
			<Add option="-DWIN32" />
			<Add directory="ogre_inc" />
			<Add directory="ogre_inc\OIS" />
			<Add directory="..\..\..\source" />
			<Add directory="..\..\..\source\gui" />
			<Add directory="..\..\..\include" />
			<Add directory="..\..\..\include\gui" />
			<Add directory="..\..\..\3rdParty\tinyxml" />
			<Add directory="..\..\..\3rdParty\zlib" />
			<Add directory="..\..\..\3rdParty\fmod" />
			<Add directory="..\..\..\3rdParty\sdl" />
		</Compiler>
		<Linker>
			<Add option="-Wl,--enable-auto-image-base" />
			<Add option="-Wl,--add-stdcall-alias" />
			<Add library="ws2_32" />
			<Add library="fmodex" />
			<Add library="SDL" />
			<Add directory="fmod_lib" />
		</Linker>
		<Unit filename="..\..\..\3rdParty\fmod\fmod.h" />
		<Unit filename="..\..\..\3rdParty\fmod\fmod.hpp" />
		<Unit filename="..\..\..\3rdParty\fmod\fmod_codec.h" />
		<Unit filename="..\..\..\3rdParty\fmod\fmod_dsp.h" />
		<Unit filename="..\..\..\3rdParty\fmod\fmod_errors.h" />
		<Unit filename="..\..\..\3rdParty\fmod\fmod_output.h" />
		<Unit filename="..\..\..\3rdParty\fmod\fmoddyn.h" />
		<Unit filename="..\..\..\3rdParty\fmod\wincompat.h" />
		<Unit filename="..\..\..\3rdParty\tinyxml\tinystr.cpp" />
		<Unit filename="..\..\..\3rdParty\tinyxml\tinystr.h" />
		<Unit filename="..\..\..\3rdParty\tinyxml\tinyxml.cpp" />
		<Unit filename="..\..\..\3rdParty\tinyxml\tinyxml.h" />
		<Unit filename="..\..\..\3rdParty\tinyxml\tinyxmlerror.cpp" />
		<Unit filename="..\..\..\3rdParty\tinyxml\tinyxmlparser.cpp" />
		<Unit filename="..\..\..\3rdParty\zlib\adler32.c">
			<Option compilerVar="CC" />
		</Unit>
		<Unit filename="..\..\..\3rdParty\zlib\crc32.c">
			<Option compilerVar="CC" />
		</Unit>
		<Unit filename="..\..\..\3rdParty\zlib\crc32.h" />
		<Unit filename="..\..\..\3rdParty\zlib\inffast.c">
			<Option compilerVar="CC" />
		</Unit>
		<Unit filename="..\..\..\3rdParty\zlib\inffast.h" />
		<Unit filename="..\..\..\3rdParty\zlib\inflate.c">
			<Option compilerVar="CC" />
		</Unit>
		<Unit filename="..\..\..\3rdParty\zlib\inflate.h" />
		<Unit filename="..\..\..\3rdParty\zlib\inftrees.c">
			<Option compilerVar="CC" />
		</Unit>
		<Unit filename="..\..\..\3rdParty\zlib\inftrees.h" />
		<Unit filename="..\..\..\3rdParty\zlib\uncompr.c">
			<Option compilerVar="CC" />
		</Unit>
		<Unit filename="..\..\..\3rdParty\zlib\zconf.h" />
		<Unit filename="..\..\..\3rdParty\zlib\zlib.h" />
		<Unit filename="..\..\..\3rdParty\zlib\zutil.c">
			<Option compilerVar="CC" />
		</Unit>
		<Unit filename="..\..\..\3rdParty\zlib\zutil.h" />
		<Unit filename="..\..\..\include\define.h" />
		<Unit filename="..\..\..\include\events.h" />
		<Unit filename="..\..\..\include\gui\gui_animation.h" />
		<Unit filename="..\..\..\include\gui\gui_cursor.h" />
		<Unit filename="..\..\..\include\gui\gui_element.h" />
		<Unit filename="..\..\..\include\gui\gui_gadget_button.h" />
		<Unit filename="..\..\..\include\gui\gui_gadget_combobox.h" />
		<Unit filename="..\..\..\include\gui\gui_gadget_scrollbar.h" />
		<Unit filename="..\..\..\include\gui\gui_gadget_slot.h" />
		<Unit filename="..\..\..\include\gui\gui_graphic.h" />
		<Unit filename="..\..\..\include\gui\gui_imageset.h" />
		<Unit filename="..\..\..\include\gui\gui_listbox.h" />
		<Unit filename="..\..\..\include\gui\gui_manager.h" />
		<Unit filename="..\..\..\include\gui\gui_statusbar.h" />
		<Unit filename="..\..\..\include\gui\gui_table.h" />
		<Unit filename="..\..\..\include\gui\gui_textinput.h" />
		<Unit filename="..\..\..\include\gui\gui_textout.h" />
		<Unit filename="..\..\..\include\gui\gui_window.h" />
		<Unit filename="..\..\..\include\gui\gui_window_dialog.h" />
		<Unit filename="..\..\..\include\item.h" />
		<Unit filename="..\..\..\include\light_manager.h" />
		<Unit filename="..\..\..\include\logger.h" />
		<Unit filename="..\..\..\include\network.h" />
		<Unit filename="..\..\..\include\network_serverfile.h" />
		<Unit filename="..\..\..\include\object_animate.h" />
		<Unit filename="..\..\..\include\object_equipment.h" />
		<Unit filename="..\..\..\include\object_hero.h" />
		<Unit filename="..\..\..\include\object_manager.h" />
		<Unit filename="..\..\..\include\object_missile.h" />
		<Unit filename="..\..\..\include\object_npc.h" />
		<Unit filename="..\..\..\include\object_static.h" />
		<Unit filename="..\..\..\include\object_visuals.h" />
		<Unit filename="..\..\..\include\option.h" />
		<Unit filename="..\..\..\include\particle_manager.h" />
		<Unit filename="..\..\..\include\resourceloader.h" />
		<Unit filename="..\..\..\include\sound.h" />
		<Unit filename="..\..\..\include\spell_manager.h" />
		<Unit filename="..\..\..\include\spell_range.h" />
		<Unit filename="..\..\..\include\tile_chunk.h" />
		<Unit filename="..\..\..\include\tile_manager.h" />
		<Unit filename="..\..\..\include\tile_map.h" />
		<Unit filename="..\..\..\include\tile_map_wrapper.h" />
		<Unit filename="..\..\CodingStyle.txt" />
		<Unit filename="ReadMe.txt" />
		<Unit filename="..\..\..\media\xml\GUI_ImageSet.xml" />
		<Unit filename="..\..\..\media\xml\GUI_Windows.xml" />
		<Unit filename="..\..\..\media\xml\NPC_Visuals.xml" />
		<Unit filename="..\..\..\source\events.cpp" />
		<Unit filename="..\..\..\source\events_user.cpp" />
		<Unit filename="..\..\..\source\gui\gui_animation.cpp" />
		<Unit filename="..\..\..\source\gui\gui_cursor.cpp" />
		<Unit filename="..\..\..\source\gui\gui_element.cpp" />
		<Unit filename="..\..\..\source\gui\gui_gadget_button.cpp" />
		<Unit filename="..\..\..\source\gui\gui_gadget_combobox.cpp" />
		<Unit filename="..\..\..\source\gui\gui_gadget_scrollbar.cpp" />
		<Unit filename="..\..\..\source\gui\gui_gadget_slot.cpp" />
		<Unit filename="..\..\..\source\gui\gui_graphic.cpp" />
		<Unit filename="..\..\..\source\gui\gui_imageset.cpp" />
		<Unit filename="..\..\..\source\gui\gui_listbox.cpp" />
		<Unit filename="..\..\..\source\gui\gui_manager.cpp" />
		<Unit filename="..\..\..\source\gui\gui_statusbar.cpp" />
		<Unit filename="..\..\..\source\gui\gui_table.cpp" />
		<Unit filename="..\..\..\source\gui\gui_textout.cpp" />
		<Unit filename="..\..\..\source\gui\gui_window.cpp" />
		<Unit filename="..\..\..\source\gui\gui_window_dialog.cpp" />
		<Unit filename="..\..\..\source\item.cpp" />
		<Unit filename="..\..\..\source\light_manager.cpp" />
		<Unit filename="..\..\..\source\logger.cpp" />
		<Unit filename="..\..\..\source\main.cpp" />
		<Unit filename="..\..\..\source\network.cpp" />
		<Unit filename="..\..\..\source\network_cmd.cpp" />
		<Unit filename="..\..\..\source\network_serverfile.cpp" />
		<Unit filename="..\..\..\source\object_animate.cpp" />
		<Unit filename="..\..\..\source\object_equipment.cpp" />
		<Unit filename="..\..\..\source\object_hero.cpp" />
		<Unit filename="..\..\..\source\object_manager.cpp" />
		<Unit filename="..\..\..\source\object_missile.cpp" />
		<Unit filename="..\..\..\source\object_npc.cpp" />
		<Unit filename="..\..\..\source\object_static.cpp" />
		<Unit filename="..\..\..\source\object_visuals.cpp" />
		<Unit filename="..\..\..\source\option.cpp" />
		<Unit filename="..\..\..\source\option_init.cpp" />
		<Unit filename="..\..\..\source\particle_manager.cpp" />
		<Unit filename="..\..\..\source\resourceloader.cpp" />
		<Unit filename="..\..\..\source\sound.cpp" />
		<Unit filename="..\..\..\source\spell_manager.cpp" />
		<Unit filename="..\..\..\source\spell_range.cpp" />
		<Unit filename="..\..\..\source\tile_chunk.cpp" />
		<Unit filename="..\..\..\source\tile_manager.cpp" />
		<Unit filename="..\..\..\source\tile_map.cpp" />
		<Extensions>
			<code_completion />
			<envvars />
			<debugger />
		</Extensions>
	</Project>
</CodeBlocks_project_file>
