<?xml version="1.0" encoding="UTF-8" standalone="yes" ?>
<CodeBlocks_project_file>
	<FileVersion major="1" minor="6" />
	<Project>
		<Option title="Lualib" />
		<Option pch_mode="0" />
		<Option compiler="gcc" />
		<Build>
			<Target title="Release">
				<Option output="Release/liblua.a" prefix_auto="0" extension_auto="0" />
				<Option working_dir="" />
				<Option object_output="./Release" />
				<Option type="2" />
				<Option compiler="gcc" />
				<Option createDefFile="1" />
				<Option projectResourceIncludeDirsRelation="2" />
				<Compiler>
					<Add option="-fexpensive-optimizations" />
					<Add option="-O3" />
					<Add option="-ffast-math" />
					<Add option="-funroll-loops" />
					<Add option="-fPIC" />
					<Add option="-DLINUX" />
					<Add option="-DNDEBUG" />
					<Add option="-D_LIB" />
					<Add option="-DLUA_OPNAMES" />
					<Add directory="../../../../src/3rdparty/lua/include" />
				</Compiler>
			</Target>
			<Target title="Debug">
				<Option output="Debug/libluad.a" prefix_auto="0" extension_auto="0" />
				<Option working_dir="" />
				<Option object_output="./Debug" />
				<Option type="2" />
				<Option compiler="gcc" />
				<Option createDefFile="1" />
				<Option projectResourceIncludeDirsRelation="2" />
				<Compiler>
					<Add option="-fPIC" />
					<Add option="-DLINUX" />
					<Add option="-D_DEBUG" />
					<Add option="-D_LIB" />
					<Add option="-DLUA_OPNAMES" />
					<Add directory="../../../../src/3rdparty/lua/include" />
				</Compiler>
			</Target>
		</Build>
		<VirtualTargets>
			<Add alias="All" targets="Release;Debug;" />
		</VirtualTargets>
		<Compiler>
			<Add option="-fomit-frame-pointer" />
			<Add option="-g" />
			<Add option="-W" />
		</Compiler>
		<Linker>
			<Add library="m" />
		</Linker>
		<Unit filename="../../../../src/3rdparty/lua/include/lua.h" />
		<Unit filename="../../../../src/3rdparty/lua/lapi.c">
			<Option compilerVar="CC" />
		</Unit>
		<Unit filename="../../../../src/3rdparty/lua/lapi.h" />
		<Unit filename="../../../../src/3rdparty/lua/lcode.c">
			<Option compilerVar="CC" />
		</Unit>
		<Unit filename="../../../../src/3rdparty/lua/lcode.h" />
		<Unit filename="../../../../src/3rdparty/lua/ldebug.c">
			<Option compilerVar="CC" />
		</Unit>
		<Unit filename="../../../../src/3rdparty/lua/ldebug.h" />
		<Unit filename="../../../../src/3rdparty/lua/ldo.c">
			<Option compilerVar="CC" />
		</Unit>
		<Unit filename="../../../../src/3rdparty/lua/ldo.h" />
		<Unit filename="../../../../src/3rdparty/lua/ldump.c">
			<Option compilerVar="CC" />
		</Unit>
		<Unit filename="../../../../src/3rdparty/lua/lfunc.c">
			<Option compilerVar="CC" />
		</Unit>
		<Unit filename="../../../../src/3rdparty/lua/lfunc.h" />
		<Unit filename="../../../../src/3rdparty/lua/lgc.c">
			<Option compilerVar="CC" />
		</Unit>
		<Unit filename="../../../../src/3rdparty/lua/lgc.h" />
		<Unit filename="../../../../src/3rdparty/lua/llex.c">
			<Option compilerVar="CC" />
		</Unit>
		<Unit filename="../../../../src/3rdparty/lua/llex.h" />
		<Unit filename="../../../../src/3rdparty/lua/llimits.h" />
		<Unit filename="../../../../src/3rdparty/lua/lmem.c">
			<Option compilerVar="CC" />
		</Unit>
		<Unit filename="../../../../src/3rdparty/lua/lmem.h" />
		<Unit filename="../../../../src/3rdparty/lua/lobject.c">
			<Option compilerVar="CC" />
		</Unit>
		<Unit filename="../../../../src/3rdparty/lua/lobject.h" />
		<Unit filename="../../../../src/3rdparty/lua/lopcodes.c">
			<Option compilerVar="CC" />
		</Unit>
		<Unit filename="../../../../src/3rdparty/lua/lopcodes.h" />
		<Unit filename="../../../../src/3rdparty/lua/lparser.c">
			<Option compilerVar="CC" />
		</Unit>
		<Unit filename="../../../../src/3rdparty/lua/lparser.h" />
		<Unit filename="../../../../src/3rdparty/lua/lstate.c">
			<Option compilerVar="CC" />
		</Unit>
		<Unit filename="../../../../src/3rdparty/lua/lstate.h" />
		<Unit filename="../../../../src/3rdparty/lua/lstring.c">
			<Option compilerVar="CC" />
		</Unit>
		<Unit filename="../../../../src/3rdparty/lua/lstring.h" />
		<Unit filename="../../../../src/3rdparty/lua/ltable.c">
			<Option compilerVar="CC" />
		</Unit>
		<Unit filename="../../../../src/3rdparty/lua/ltable.h" />
		<Unit filename="../../../../src/3rdparty/lua/ltests.c">
			<Option compilerVar="CC" />
		</Unit>
		<Unit filename="../../../../src/3rdparty/lua/ltm.c">
			<Option compilerVar="CC" />
		</Unit>
		<Unit filename="../../../../src/3rdparty/lua/ltm.h" />
		<Unit filename="../../../../src/3rdparty/lua/lundump.c">
			<Option compilerVar="CC" />
		</Unit>
		<Unit filename="../../../../src/3rdparty/lua/lundump.h" />
		<Unit filename="../../../../src/3rdparty/lua/lvm.c">
			<Option compilerVar="CC" />
		</Unit>
		<Unit filename="../../../../src/3rdparty/lua/lvm.h" />
		<Unit filename="../../../../src/3rdparty/lua/lzio.c">
			<Option compilerVar="CC" />
		</Unit>
		<Unit filename="../../../../src/3rdparty/lua/lzio.h" />
		<Extensions>
			<envvars />
			<code_completion />
			<debugger />
		</Extensions>
	</Project>
</CodeBlocks_project_file>
