<?xml version="1.0" encoding="UTF-8" standalone="yes" ?>
<CodeBlocks_project_file>
	<FileVersion major="1" minor="6" />
	<Project>
		<Option title="updater" />
		<Option pch_mode="0" />
		<Option compiler="gcc" />
		<Build>
			<Target title="Debug">
				<Option output="..\..\..\client_start.exe" prefix_auto="0" extension_auto="0" />
				<Option working_dir="..\..\..\..\client" />
				<Option object_output="obj\Debug\" />
				<Option type="1" />
				<Option compiler="gcc" />
				<Option projectResourceIncludeDirsRelation="1" />
				<Compiler>
					<Add option="-g" />
				</Compiler>
			</Target>
			<Target title="Release">
				<Option output="..\..\..\client_start_d.exe" prefix_auto="0" extension_auto="0" />
				<Option working_dir="..\..\..\..\client" />
				<Option object_output="obj\Release\" />
				<Option type="1" />
				<Option compiler="gcc" />
				<Option projectResourceIncludeDirsRelation="1" />
				<Compiler>
					<Add option="-O2" />
					<Add option="-s" />
					<Add option="-DWIN32" />
					<Add option="-D__WIN32" />
					<Add option="-DMINGW" />
				</Compiler>
			</Target>
		</Build>
		<VirtualTargets>
			<Add alias="All" targets="Debug;Release;" />
		</VirtualTargets>
		<Compiler>
			<Add option="-Wall" />
			<Add option="-D__MINGW32__" />
			<Add option="-D_WIN32" />
			<Add option="-DCURL_STATICLIB" />
			<Add option="-DMINGW" />
			<Add directory="..\..\..\src\updater" />
			<Add directory="..\..\..\src\updater\include" />
			<Add directory="..\CodeBlocks" />
			<Add directory="..\..\..\src\include" />
			<Add directory="..\..\..\src" />
		</Compiler>
		<Linker>
			<Add library="libcurl.a" />
			<Add library="wsock32" />
			<Add library="winmm" />
			<Add library="libbz2.a" />
			<Add library="libphysfs.a" />
			<Add directory="..\CodeBlocks" />
		</Linker>
		<Unit filename="updater.rc">
			<Option compilerVar="WINDRES" />
		</Unit>
		<Unit filename="..\..\..\src\adler32.c">
			<Option compilerVar="CC" />
		</Unit>
		<Unit filename="..\..\..\src\crc32.c">
			<Option compilerVar="CC" />
		</Unit>
		<Unit filename="..\..\..\src\include\crc32.h" />
		<Unit filename="..\..\..\src\include\inffast.h" />
		<Unit filename="..\..\..\src\include\inflate.h" />
		<Unit filename="..\..\..\src\include\inftrees.h" />
		<Unit filename="..\..\..\src\include\zconf.h" />
		<Unit filename="..\..\..\src\include\zlib.h" />
		<Unit filename="..\..\..\src\include\zutil.h" />
		<Unit filename="..\..\..\src\inffast.c">
			<Option compilerVar="CC" />
		</Unit>
		<Unit filename="..\..\..\src\inflate.c">
			<Option compilerVar="CC" />
		</Unit>
		<Unit filename="..\..\..\src\inftrees.c">
			<Option compilerVar="CC" />
		</Unit>
		<Unit filename="..\..\..\src\uncompr.c">
			<Option compilerVar="CC" />
		</Unit>
		<Unit filename="..\..\..\src\updater\include\include.h" />
		<Unit filename="..\..\..\src\updater\include\md5.h" />
		<Unit filename="..\..\..\src\updater\include\win32.h" />
		<Unit filename="..\..\..\src\updater\include\xdelta3-cfgs.h" />
		<Unit filename="..\..\..\src\updater\include\xdelta3-decode.h" />
		<Unit filename="..\..\..\src\updater\include\xdelta3-hash.h" />
		<Unit filename="..\..\..\src\updater\include\xdelta3-list.h" />
		<Unit filename="..\..\..\src\updater\include\xdelta3-main.h" />
		<Unit filename="..\..\..\src\updater\include\xdelta3.h" />
		<Unit filename="..\..\..\src\updater\main.c">
			<Option compilerVar="CC" />
		</Unit>
		<Unit filename="..\..\..\src\updater\md5.c">
			<Option compilerVar="CC" />
		</Unit>
		<Unit filename="..\..\..\src\updater\physfsunpack.c">
			<Option compilerVar="CC" />
		</Unit>
		<Unit filename="..\..\..\src\updater\win32.c">
			<Option compilerVar="CC" />
		</Unit>
		<Unit filename="..\..\..\src\updater\xdelta3.c">
			<Option compilerVar="CC" />
		</Unit>
		<Unit filename="..\..\..\src\zutil.c">
			<Option compilerVar="CC" />
		</Unit>
		<Extensions>
			<code_completion />
			<envvars />
			<debugger />
			<lib_finder />
		</Extensions>
	</Project>
</CodeBlocks_project_file>
