<?xml version="1.0"?>
<!DOCTYPE CodeBlocks_project_file>
<CodeBlocks_project_file>
	<FileVersion major="1" minor="1"/>
	<Project>
		<Option title="updater"/>
		<Option makefile="Makefile"/>
		<Option makefile_is_custom="0"/>
		<Option active_target="1"/>
		<Option compiler="0"/>
		<Build>
			<Target title="Debug">
				<Option output="..\..\..\client_start.exe"/>
				<Option working_dir="..\..\..\..\client"/>
				<Option object_output="obj\Debug\"/>
				<Option deps_output=".deps"/>
				<Option type="1"/>
				<Option compiler="0"/>
				<Option projectResourceIncludeDirsRelation="1"/>
				<Compiler>
					<Add option="-g"/>
				</Compiler>
			</Target>
			<Target title="Release">
				<Option output="..\..\..\client_start_d.exe"/>
				<Option working_dir="..\..\..\..\client"/>
				<Option object_output="obj\Release\"/>
				<Option deps_output=".deps"/>
				<Option type="1"/>
				<Option compiler="0"/>
				<Option projectResourceIncludeDirsRelation="1"/>
				<Compiler>
					<Add option="-O2"/>
					<Add option="-s"/>
					<Add option="-DWIN32"/>
					<Add option="-D__WIN32"/>
					<Add option="-DMINGW"/>
				</Compiler>
			</Target>
		</Build>
		<Compiler>
			<Add option="-Wall"/>
			<Add directory="..\..\..\src\updater"/>
			<Add directory="..\..\..\src\updater\include"/>
		</Compiler>
		<Unit filename="updater.rc">
			<Option compilerVar="WINDRES"/>
			<Option objectName="make\win32\CodeBlocks\updater.res"/>
			<Option target="Debug"/>
			<Option target="Release"/>
		</Unit>
		<Unit filename="..\..\..\src\updater\include\include.h">
			<Option compilerVar="CPP"/>
			<Option compile="0"/>
			<Option link="0"/>
			<Option target="Debug"/>
			<Option target="Release"/>
		</Unit>
		<Unit filename="..\..\..\src\updater\include\win32.h">
			<Option compilerVar="CPP"/>
			<Option compile="0"/>
			<Option link="0"/>
			<Option target="Debug"/>
			<Option target="Release"/>
		</Unit>
		<Unit filename="..\..\..\src\updater\main.c">
			<Option compilerVar="CC"/>
			<Option target="Debug"/>
			<Option target="Release"/>
		</Unit>
		<Unit filename="..\..\..\src\updater\win32.c">
			<Option compilerVar="CC"/>
			<Option target="Debug"/>
			<Option target="Release"/>
		</Unit>
	</Project>
</CodeBlocks_project_file>
