<?xml version="1.0" encoding="UTF-8" standalone="yes" ?>
<CodeBlocks_project_file>
	<FileVersion major="1" minor="6" />
	<Project>
		<Option title="plugin_lua" />
		<Option pch_mode="0" />
		<Option compiler="gcc" />
		<Build>
			<Target title="Release">
				<Option output="Release/plugin_lua.a" prefix_auto="0" extension_auto="0" />
				<Option object_output="Release" />
				<Option type="3" />
				<Option compiler="gcc" />
				<Option createDefFile="1" />
				<Option createStaticLib="1" />
				<Compiler>
					<Add option="-fexpensive-optimizations" />
					<Add option="-O3" />
					<Add option="-ffast-math" />
					<Add option="-funroll-loops" />
					<Add option='-DNO_REDISTRIBUTION=&quot;&quot;' />
					<Add option="-DLUA_PLUGIN_EXPORTS" />
					<Add option="-DLINUX" />
					<Add option="-DNDEBUG" />
					<Add directory="../../../../src/include" />
					<Add directory="../../../../src/lua" />
					<Add directory="../../../../src/lua/include" />
					<Add directory="../../../../src/plugin_lua/include" />
				</Compiler>
				<Linker>
					<Add library="liblualib.a" />
					<Add library="liblua.a" />
					<Add directory="../lua/Release" />
				</Linker>
			</Target>
			<Target title="Debug">
				<Option output="Debug/plugin_luad.a" prefix_auto="0" extension_auto="0" />
				<Option object_output="Debug" />
				<Option type="3" />
				<Option compiler="gcc" />
				<Option createDefFile="1" />
				<Option createStaticLib="1" />
				<Compiler>
					<Add option="-DLUA_PLUGIN_EXPORTS" />
					<Add option="-DLINUX" />
					<Add option="-DDEBUG_MOVEATTACK" />
					<Add option="-DDEBUG" />
					<Add directory="../../../../src/include" />
					<Add directory="../../../../src/lua" />
					<Add directory="../../../../src/lua/include" />
					<Add directory="../../../../src/plugin_lua/include" />
				</Compiler>
				<Linker>
					<Add library="liblualibd.a" />
					<Add library="libluad.a" />
					<Add directory="../lua/Debug" />
				</Linker>
			</Target>
		</Build>
		<VirtualTargets>
			<Add alias="All" targets="Release;Debug;" />
		</VirtualTargets>
		<Compiler>
			<Add option="-W" />
			<Add option="-g" />
			<Add option="-fomit-frame-pointer" />
			<Add directory="../../../../src/include" />
			<Add directory="../../../../src/plugin_lua/include" />
			<Add directory="../../../../src/lua/include" />
		</Compiler>
		<Linker>
			<Add option="-export-dynamic" />
			<Add option="-rdynamic" />
			<Add option="-Xlinker" />
			<Add option="-Bsymbolic" />
			<Add library="m" />
		</Linker>
		<Unit filename="../../../../src/plugin_lua/ai_object.c">
			<Option compilerVar="CC" />
		</Unit>
		<Unit filename="../../../../src/plugin_lua/daimonin_game.c">
			<Option compilerVar="CC" />
		</Unit>
		<Unit filename="../../../../src/plugin_lua/daimonin_map.c">
			<Option compilerVar="CC" />
		</Unit>
		<Unit filename="../../../../src/plugin_lua/daimonin_object.c">
			<Option compilerVar="CC" />
		</Unit>
		<Unit filename="../../../../src/plugin_lua/include/ai_object.h" />
		<Unit filename="../../../../src/plugin_lua/include/daimonin_game.h" />
		<Unit filename="../../../../src/plugin_lua/include/daimonin_map.h" />
		<Unit filename="../../../../src/plugin_lua/include/daimonin_object.h" />
		<Unit filename="../../../../src/plugin_lua/include/plugin_lua.h" />
		<Unit filename="../../../../src/plugin_lua/lua_support.c">
			<Option compilerVar="CC" />
		</Unit>
		<Unit filename="../../../../src/plugin_lua/plugin_lua.c">
			<Option compilerVar="CC" />
		</Unit>
		<Extensions>
			<envvars />
			<code_completion />
			<debugger />
		</Extensions>
	</Project>
</CodeBlocks_project_file>
