<?xml version="1.0" encoding="UTF-8" standalone="yes" ?>
<CodeBlocks_project_file>
	<FileVersion major="1" minor="6" />
	<Project>
		<Option title="client3d" />
		<Option compiler="gcc" />
		<Build>
			<Target title="Debug">
				<Option output="..\..\..\client3d_d.exe" prefix_auto="0" extension_auto="0" />
				<Option working_dir="..\..\..\" />
				<Option object_output=".\obj\Debug" />
				<Option type="1" />
				<Option compiler="gcc" />
				<Option projectResourceIncludeDirsRelation="0" />
				<Compiler>
					<Add option="-g" />
					<Add option="-D_DEBUG" />
				</Compiler>
				<Linker>
					<Add library="OgreMain_d" />
					<Add library="OIS_d" />
					<Add library="boost_thread_d" />
					<Add directory="..\..\..\" />
					<Add directory="OgreSDK\boost\lib\" />
				</Linker>
			</Target>
			<Target title="Release">
				<Option output="..\..\..\client3d.exe" prefix_auto="0" extension_auto="0" />
				<Option working_dir="..\..\..\" />
				<Option object_output=".\obj\Release" />
				<Option type="1" />
				<Option compiler="gcc" />
				<Option projectResourceIncludeDirsRelation="0" />
				<Compiler>
					<Add option="-DNDEBUG" />
				</Compiler>
				<Linker>
					<Add option="-s" />
					<Add library="OgreMain" />
					<Add library="OIS" />
					<Add library="boost_thread" />
					<Add directory="..\..\..\" />
					<Add directory="OgreSDK\boost\lib\" />
				</Linker>
			</Target>
		</Build>
		<VirtualTargets>
			<Add alias="All" targets="Debug;Release;" />
		</VirtualTargets>
		<Compiler>
			<Add option="-Winit-self" />
			<Add option="-Wredundant-decls" />
			<Add option="-Wcast-align" />
			<Add option="-Winline" />
			<Add option="-Wmissing-declarations" />
			<Add option="-Wmissing-include-dirs" />
			<Add option="-Wmain" />
			<Add option="-Wall" />
			<Add option="-mthreads" />
			<Add option="-fmessage-length=0" />
			<Add option="-fexceptions" />
			<Add option="-fident" />
			<Add option="-pipe" />
			<Add option="-DWIN32" />
			<Add option="-DMINGW" />
			<Add directory="OgreSDK\boost\" />
			<Add directory="OgreSDK\include\Ogre" />
			<Add directory="OgreSDK\include\OIS" />
			<Add directory="..\..\..\3rdParty\tinyxml" />
			<Add directory="..\..\..\3rdParty\zlib" />
			<Add directory="..\..\..\3rdParty\caudio\include" />
			<Add directory="..\..\..\source" />
			<Add directory="..\..\..\include" />
		</Compiler>
		<Linker>
			<Add option="-Wl,--enable-auto-image-base" />
			<Add option="-Wl,--add-stdcall-alias" />
			<Add option="-Wl,--enable-auto-import" />
			<Add library="ws2_32" />
			<Add library="cAudio" />
			<Add directory="fmod_lib" />
		</Linker>
		<Unit filename="..\..\..\3rdParty\caudio\include\EAudioFormats.h" />
		<Unit filename="..\..\..\3rdParty\caudio\include\IAudioCapture.h" />
		<Unit filename="..\..\..\3rdParty\caudio\include\IAudioDecoder.h" />
		<Unit filename="..\..\..\3rdParty\caudio\include\IAudioDecoderFactory.h" />
		<Unit filename="..\..\..\3rdParty\caudio\include\IAudioEffects.h" />
		<Unit filename="..\..\..\3rdParty\caudio\include\IAudioManager.h" />
		<Unit filename="..\..\..\3rdParty\caudio\include\IAudioPlugin.h" />
		<Unit filename="..\..\..\3rdParty\caudio\include\IAudioSource.h" />
		<Unit filename="..\..\..\3rdParty\caudio\include\ICaptureEventHandler.h" />
		<Unit filename="..\..\..\3rdParty\caudio\include\IDataSource.h" />
		<Unit filename="..\..\..\3rdParty\caudio\include\IDataSourceFactory.h" />
		<Unit filename="..\..\..\3rdParty\caudio\include\IEffect.h" />
		<Unit filename="..\..\..\3rdParty\caudio\include\IEffectParameters.h" />
		<Unit filename="..\..\..\3rdParty\caudio\include\IFilter.h" />
		<Unit filename="..\..\..\3rdParty\caudio\include\IListener.h" />
		<Unit filename="..\..\..\3rdParty\caudio\include\ILogReceiver.h" />
		<Unit filename="..\..\..\3rdParty\caudio\include\ILogger.h" />
		<Unit filename="..\..\..\3rdParty\caudio\include\IManagerEventHandler.h" />
		<Unit filename="..\..\..\3rdParty\caudio\include\IMemoryProvider.h" />
		<Unit filename="..\..\..\3rdParty\caudio\include\IPluginManager.h" />
		<Unit filename="..\..\..\3rdParty\caudio\include\IRefCounted.h" />
		<Unit filename="..\..\..\3rdParty\caudio\include\ISourceEventHandler.h" />
		<Unit filename="..\..\..\3rdParty\caudio\include\cAudio.h" />
		<Unit filename="..\..\..\3rdParty\caudio\include\cAudioDefines.h" />
		<Unit filename="..\..\..\3rdParty\caudio\include\cAudioMemory.h" />
		<Unit filename="..\..\..\3rdParty\caudio\include\cAudioPlatform.h" />
		<Unit filename="..\..\..\3rdParty\caudio\include\cAudioSleep.h" />
		<Unit filename="..\..\..\3rdParty\caudio\include\cVector3.h" />
		<Unit filename="..\..\..\3rdParty\tinyxml\tinystr.cpp" />
		<Unit filename="..\..\..\3rdParty\tinyxml\tinystr.h" />
		<Unit filename="..\..\..\3rdParty\tinyxml\tinyxml.cpp" />
		<Unit filename="..\..\..\3rdParty\tinyxml\tinyxml.h" />
		<Unit filename="..\..\..\3rdParty\tinyxml\tinyxmlerror.cpp" />
		<Unit filename="..\..\..\3rdParty\tinyxml\tinyxmlparser.cpp" />
		<Unit filename="..\..\..\3rdParty\zlib\adler32.c">
			<Option compilerVar="CC" />
		</Unit>
		<Unit filename="..\..\..\3rdParty\zlib\crc32.c">
			<Option compilerVar="CC" />
		</Unit>
		<Unit filename="..\..\..\3rdParty\zlib\crc32.h" />
		<Unit filename="..\..\..\3rdParty\zlib\inffast.c">
			<Option compilerVar="CC" />
		</Unit>
		<Unit filename="..\..\..\3rdParty\zlib\inffast.h" />
		<Unit filename="..\..\..\3rdParty\zlib\inflate.c">
			<Option compilerVar="CC" />
		</Unit>
		<Unit filename="..\..\..\3rdParty\zlib\inflate.h" />
		<Unit filename="..\..\..\3rdParty\zlib\inftrees.c">
			<Option compilerVar="CC" />
		</Unit>
		<Unit filename="..\..\..\3rdParty\zlib\inftrees.h" />
		<Unit filename="..\..\..\3rdParty\zlib\uncompr.c">
			<Option compilerVar="CC" />
		</Unit>
		<Unit filename="..\..\..\3rdParty\zlib\zconf.h" />
		<Unit filename="..\..\..\3rdParty\zlib\zlib.h" />
		<Unit filename="..\..\..\3rdParty\zlib\zutil.c">
			<Option compilerVar="CC" />
		</Unit>
		<Unit filename="..\..\..\3rdParty\zlib\zutil.h" />
		<Unit filename="..\..\..\include\assert_manager.h" />
		<Unit filename="..\..\..\include\events.h" />
		<Unit filename="..\..\..\include\gui\gui_animation.h" />
		<Unit filename="..\..\..\include\gui\gui_cursor.h" />
		<Unit filename="..\..\..\include\gui\gui_element.h" />
		<Unit filename="..\..\..\include\gui\gui_element_button.h" />
		<Unit filename="..\..\..\include\gui\gui_element_combobox.h" />
		<Unit filename="..\..\..\include\gui\gui_element_listbox.h" />
		<Unit filename="..\..\..\include\gui\gui_element_scrollbar.h" />
		<Unit filename="..\..\..\include\gui\gui_element_slot.h" />
		<Unit filename="..\..\..\include\gui\gui_element_statusbar.h" />
		<Unit filename="..\..\..\include\gui\gui_element_table.h" />
		<Unit filename="..\..\..\include\gui\gui_element_textbox.h" />
		<Unit filename="..\..\..\include\gui\gui_graphic.h" />
		<Unit filename="..\..\..\include\gui\gui_imageset.h" />
		<Unit filename="..\..\..\include\gui\gui_manager.h" />
		<Unit filename="..\..\..\include\gui\gui_textinput.h" />
		<Unit filename="..\..\..\include\gui\gui_textout.h" />
		<Unit filename="..\..\..\include\gui\gui_window.h" />
		<Unit filename="..\..\..\include\item.h" />
		<Unit filename="..\..\..\include\logger.h" />
		<Unit filename="..\..\..\include\network.h" />
		<Unit filename="..\..\..\include\network_account.h" />
		<Unit filename="..\..\..\include\network_cmd_interface.h" />
		<Unit filename="..\..\..\include\network_serverfile.h" />
		<Unit filename="..\..\..\include\object\object.h" />
		<Unit filename="..\..\..\include\object\object_element.h" />
		<Unit filename="..\..\..\include\object\object_element_animate3d.h" />
		<Unit filename="..\..\..\include\object\object_element_avatar.h" />
		<Unit filename="..\..\..\include\object\object_element_equip3d.h" />
		<Unit filename="..\..\..\include\object\object_element_missile.h" />
		<Unit filename="..\..\..\include\object\object_element_physical.h" />
		<Unit filename="..\..\..\include\object\object_element_visual2d.h" />
		<Unit filename="..\..\..\include\object\object_element_visual3d.h" />
		<Unit filename="..\..\..\include\object\object_manager.h" />
		<Unit filename="..\..\..\include\option.h" />
		<Unit filename="..\..\..\include\particle_manager.h" />
		<Unit filename="..\..\..\include\profiler.h" />
		<Unit filename="..\..\..\include\sound.h" />
		<Unit filename="..\..\..\include\spell_manager.h" />
		<Unit filename="..\..\..\include\spell_range.h" />
		<Unit filename="..\..\..\include\tile\tile_atlas.h" />
		<Unit filename="..\..\..\include\tile\tile_chunk.h" />
		<Unit filename="..\..\..\include\tile\tile_decal.h" />
		<Unit filename="..\..\..\include\tile\tile_manager.h" />
		<Unit filename="..\..\..\include\tile\tile_map.h" />
		<Unit filename="..\..\..\include\tile\tile_map_wrapper.h" />
		<Unit filename="..\..\CodingStyle.txt">
			<Option target="Release" />
		</Unit>
		<Unit filename="ReadMe.txt">
			<Option target="Release" />
		</Unit>
		<Unit filename="..\..\..\media\materials\NPC.cg" />
		<Unit filename="..\..\..\media\materials\NPC.material" />
		<Unit filename="..\..\..\media\materials\Terrain.cg" />
		<Unit filename="..\..\..\media\materials\Terrain.material" />
		<Unit filename="..\..\..\media\xml\GUI_ImageSet.xml">
			<Option target="Release" />
		</Unit>
		<Unit filename="..\..\..\media\xml\GUI_Windows.xml">
			<Option target="Release" />
		</Unit>
		<Unit filename="..\..\..\media\xml\NPC_Visuals.xml">
			<Option target="Release" />
		</Unit>
		<Unit filename="..\..\..\source\events.cpp" />
		<Unit filename="..\..\..\source\events_user.cpp" />
		<Unit filename="..\..\..\source\gui\gui_animation.cpp" />
		<Unit filename="..\..\..\source\gui\gui_cursor.cpp" />
		<Unit filename="..\..\..\source\gui\gui_element.cpp" />
		<Unit filename="..\..\..\source\gui\gui_element_button.cpp" />
		<Unit filename="..\..\..\source\gui\gui_element_combobox.cpp" />
		<Unit filename="..\..\..\source\gui\gui_element_listbox.cpp" />
		<Unit filename="..\..\..\source\gui\gui_element_scrollbar.cpp" />
		<Unit filename="..\..\..\source\gui\gui_element_slot.cpp" />
		<Unit filename="..\..\..\source\gui\gui_element_statusbar.cpp" />
		<Unit filename="..\..\..\source\gui\gui_element_table.cpp" />
		<Unit filename="..\..\..\source\gui\gui_element_textbox.cpp" />
		<Unit filename="..\..\..\source\gui\gui_graphic.cpp" />
		<Unit filename="..\..\..\source\gui\gui_imageset.cpp" />
		<Unit filename="..\..\..\source\gui\gui_manager.cpp" />
		<Unit filename="..\..\..\source\gui\gui_textout.cpp" />
		<Unit filename="..\..\..\source\gui\gui_window.cpp" />
		<Unit filename="..\..\..\source\item.cpp" />
		<Unit filename="..\..\..\source\logger.cpp" />
		<Unit filename="..\..\..\source\main.cpp" />
		<Unit filename="..\..\..\source\network.cpp" />
		<Unit filename="..\..\..\source\network_account.cpp" />
		<Unit filename="..\..\..\source\network_cmd.cpp" />
		<Unit filename="..\..\..\source\network_cmd_interface.cpp" />
		<Unit filename="..\..\..\source\network_serverfile.cpp" />
		<Unit filename="..\..\..\source\object\object.cpp" />
		<Unit filename="..\..\..\source\object\object_element.cpp" />
		<Unit filename="..\..\..\source\object\object_element_animate3d.cpp" />
		<Unit filename="..\..\..\source\object\object_element_avatar.cpp" />
		<Unit filename="..\..\..\source\object\object_element_equip3d.cpp" />
		<Unit filename="..\..\..\source\object\object_element_missile.cpp" />
		<Unit filename="..\..\..\source\object\object_element_physical.cpp" />
		<Unit filename="..\..\..\source\object\object_element_visual2d.cpp" />
		<Unit filename="..\..\..\source\object\object_element_visual3d.cpp" />
		<Unit filename="..\..\..\source\object\object_manager.cpp" />
		<Unit filename="..\..\..\source\option.cpp" />
		<Unit filename="..\..\..\source\option_init.cpp" />
		<Unit filename="..\..\..\source\particle_manager.cpp" />
		<Unit filename="..\..\..\source\sound.cpp" />
		<Unit filename="..\..\..\source\spell_manager.cpp" />
		<Unit filename="..\..\..\source\spell_range.cpp" />
		<Unit filename="..\..\..\source\tile\tile_atlas.cpp" />
		<Unit filename="..\..\..\source\tile\tile_chunk.cpp" />
		<Unit filename="..\..\..\source\tile\tile_decal.cpp" />
		<Unit filename="..\..\..\source\tile\tile_manager.cpp" />
		<Unit filename="..\..\..\source\tile\tile_map.cpp" />
		<Extensions>
			<code_completion />
			<envvars />
			<debugger />
			<wxsmith version="1">
				<gui name="wxWidgets" src="" main="" init_handlers="necessary" language="CPP" />
			</wxsmith>
			<DoxyBlocks>
				<comment_style block="0" line="0" />
				<doxyfile_project />
				<doxyfile_build />
				<doxyfile_warnings />
				<doxyfile_output />
				<doxyfile_dot />
				<general />
			</DoxyBlocks>
		</Extensions>
	</Project>
</CodeBlocks_project_file>
