<?xml version="1.0"?>
<!DOCTYPE CodeBlocks_project_file>
<CodeBlocks_project_file>
	<FileVersion major="1" minor="1"/>
	<Project>
		<Option title="daimonin_server"/>
		<Option makefile="Makefile"/>
		<Option makefile_is_custom="0"/>
		<Option active_target="1"/>
		<Option compiler="0"/>
		<Build>
			<Target title="Release">
				<Option output="..\..\..\daimonin_server.exe"/>
				<Option working_dir="..\..\..\..\server"/>
				<Option object_output=".\Release"/>
				<Option deps_output=".deps"/>
				<Option type="1"/>
				<Option compiler="0"/>
				<Option projectResourceIncludeDirsRelation="1"/>
				<Compiler>
					<Add option="-W"/>
					<Add option="-D_CONSOLE"/>
					<Add option="-DWIN32"/>
					<Add option="-DNDEBUG"/>
					<Add option="-DLUA_PLUGIN_EXPORTS"/>
					<Add option="-DMIN_GW"/>
				</Compiler>
				<Linker>
					<Add option="-s"/>
					<Add library="wsock32"/>
					<Add library="winmm"/>
				</Linker>
				<ExtraCommands>
					<Add before="..\..\..\..\dev\win32\flex.exe -i -Prmap -o..\..\..\src\random_maps\reader.c  ..\..\..\src\random_maps\reader.l"/>
					<Add before="..\..\..\..\dev\win32\flex.exe -i -o..\..\..\src\common\loader.c  ..\..\..\src\common\loader.l"/>
				</ExtraCommands>
			</Target>
			<Target title="Debug">
				<Option output="..\..\..\daimonin_server.exe"/>
				<Option working_dir="..\..\..\..\server"/>
				<Option object_output=".\Debug"/>
				<Option deps_output=".deps"/>
				<Option type="1"/>
				<Option compiler="0"/>
				<Option projectResourceIncludeDirsRelation="1"/>
				<Compiler>
					<Add option="-W"/>
					<Add option="-g"/>
					<Add option="-D_CONSOLE"/>
					<Add option="-DDEBUG"/>
					<Add option="-DDEBUG_MOVEATTACK"/>
					<Add option="-DWIN32"/>
					<Add option="-DLUA_PLUGIN_EXPORTS"/>
					<Add option="-DMIN_GW"/>
				</Compiler>
				<Linker>
					<Add library="wsock32"/>
					<Add library="winmm"/>
				</Linker>
				<ExtraCommands>
					<Add before="..\..\..\..\dev\win32\flex.exe -i -Prmap -o..\..\..\src\random_maps\reader.c  ..\..\..\src\random_maps\reader.l"/>
					<Add before="..\..\..\..\dev\win32\flex.exe -i -o..\..\..\src\common\loader.c  ..\..\..\src\common\loader.l"/>
				</ExtraCommands>
			</Target>
		</Build>
		<Compiler>
			<Add directory="..\..\..\src\include"/>
			<Add directory="..\..\..\src\random_maps"/>
		</Compiler>
		<Unit filename="readme.txt">
			<Option compilerVar=""/>
			<Option compile="0"/>
			<Option link="0"/>
			<Option target="Release"/>
			<Option target="Debug"/>
		</Unit>
		<Unit filename="..\..\..\src\common\aggro.c">
			<Option compilerVar="CC"/>
			<Option target="Release"/>
			<Option target="Debug"/>
		</Unit>
		<Unit filename="..\..\..\src\common\anim.c">
			<Option compilerVar="CC"/>
			<Option target="Release"/>
			<Option target="Debug"/>
		</Unit>
		<Unit filename="..\..\..\src\common\arch.c">
			<Option compilerVar="CC"/>
			<Option target="Release"/>
			<Option target="Debug"/>
		</Unit>
		<Unit filename="..\..\..\src\common\artifact.c">
			<Option compilerVar="CC"/>
			<Option target="Release"/>
			<Option target="Debug"/>
		</Unit>
		<Unit filename="..\..\..\src\common\button.c">
			<Option compilerVar="CC"/>
			<Option target="Release"/>
			<Option target="Debug"/>
		</Unit>
		<Unit filename="..\..\..\src\common\exp.c">
			<Option compilerVar="CC"/>
			<Option target="Release"/>
			<Option target="Debug"/>
		</Unit>
		<Unit filename="..\..\..\src\common\food.c">
			<Option compilerVar="CC"/>
			<Option target="Release"/>
			<Option target="Debug"/>
		</Unit>
		<Unit filename="..\..\..\src\common\guild.c">
			<Option compilerVar="CC"/>
			<Option target="Release"/>
			<Option target="Debug"/>
		</Unit>
		<Unit filename="..\..\..\src\common\hashfunc.c">
			<Option compilerVar="CC"/>
			<Option target="Release"/>
			<Option target="Debug"/>
		</Unit>
		<Unit filename="..\..\..\src\common\hashtable.c">
			<Option compilerVar="CC"/>
			<Option target="Release"/>
			<Option target="Debug"/>
		</Unit>
		<Unit filename="..\..\..\src\common\holy.c">
			<Option compilerVar="CC"/>
			<Option target="Release"/>
			<Option target="Debug"/>
		</Unit>
		<Unit filename="..\..\..\src\common\image.c">
			<Option compilerVar="CC"/>
			<Option target="Release"/>
			<Option target="Debug"/>
		</Unit>
		<Unit filename="..\..\..\src\common\item.c">
			<Option compilerVar="CC"/>
			<Option target="Release"/>
			<Option target="Debug"/>
		</Unit>
		<Unit filename="..\..\..\src\common\links.c">
			<Option compilerVar="CC"/>
			<Option target="Release"/>
			<Option target="Debug"/>
		</Unit>
		<Unit filename="..\..\..\src\common\living.c">
			<Option compilerVar="CC"/>
			<Option target="Release"/>
			<Option target="Debug"/>
		</Unit>
		<Unit filename="..\..\..\src\common\loader.c">
			<Option compilerVar="CC"/>
			<Option target="Release"/>
			<Option target="Debug"/>
		</Unit>
		<Unit filename="..\..\..\src\common\logger.c">
			<Option compilerVar="CC"/>
			<Option target="Release"/>
			<Option target="Debug"/>
		</Unit>
		<Unit filename="..\..\..\src\common\los.c">
			<Option compilerVar="CC"/>
			<Option target="Release"/>
			<Option target="Debug"/>
		</Unit>
		<Unit filename="..\..\..\src\common\map.c">
			<Option compilerVar="CC"/>
			<Option target="Release"/>
			<Option target="Debug"/>
		</Unit>
		<Unit filename="..\..\..\src\common\map_tile.c">
			<Option compilerVar="CC"/>
			<Option target="Release"/>
			<Option target="Debug"/>
		</Unit>
		<Unit filename="..\..\..\src\common\material.c">
			<Option compilerVar="CC"/>
			<Option target="Release"/>
			<Option target="Debug"/>
		</Unit>
		<Unit filename="..\..\..\src\common\mempool.c">
			<Option compilerVar="CC"/>
			<Option target="Release"/>
			<Option target="Debug"/>
		</Unit>
		<Unit filename="..\..\..\src\common\missile.c">
			<Option compilerVar="CC"/>
			<Option target="Release"/>
			<Option target="Debug"/>
		</Unit>
		<Unit filename="..\..\..\src\common\object.c">
			<Option compilerVar="CC"/>
			<Option target="Release"/>
			<Option target="Debug"/>
		</Unit>
		<Unit filename="..\..\..\src\common\porting.c">
			<Option compilerVar="CC"/>
			<Option target="Release"/>
			<Option target="Debug"/>
		</Unit>
		<Unit filename="..\..\..\src\common\quest.c">
			<Option compilerVar="CC"/>
			<Option target="Release"/>
			<Option target="Debug"/>
		</Unit>
		<Unit filename="..\..\..\src\common\re-cmp.c">
			<Option compilerVar="CC"/>
			<Option target="Release"/>
			<Option target="Debug"/>
		</Unit>
		<Unit filename="..\..\..\src\common\readable.c">
			<Option compilerVar="CC"/>
			<Option target="Release"/>
			<Option target="Debug"/>
		</Unit>
		<Unit filename="..\..\..\src\common\recipe.c">
			<Option compilerVar="CC"/>
			<Option target="Release"/>
			<Option target="Debug"/>
		</Unit>
		<Unit filename="..\..\..\src\common\shstr_ng.c">
			<Option compilerVar="CC"/>
			<Option target="Release"/>
			<Option target="Debug"/>
		</Unit>
		<Unit filename="..\..\..\src\common\stats.c">
			<Option compilerVar="CC"/>
			<Option target="Release"/>
			<Option target="Debug"/>
		</Unit>
		<Unit filename="..\..\..\src\common\time.c">
			<Option compilerVar="CC"/>
			<Option target="Release"/>
			<Option target="Debug"/>
		</Unit>
		<Unit filename="..\..\..\src\common\treasure.c">
			<Option compilerVar="CC"/>
			<Option target="Release"/>
			<Option target="Debug"/>
		</Unit>
		<Unit filename="..\..\..\src\common\utils.c">
			<Option compilerVar="CC"/>
			<Option target="Release"/>
			<Option target="Debug"/>
		</Unit>
		<Unit filename="..\..\..\src\common\win32.c">
			<Option compilerVar="CC"/>
			<Option target="Release"/>
			<Option target="Debug"/>
		</Unit>
		<Unit filename="..\..\..\src\include\aggro.h">
			<Option compilerVar=""/>
			<Option compile="0"/>
			<Option link="0"/>
			<Option target="Release"/>
			<Option target="Debug"/>
		</Unit>
		<Unit filename="..\..\..\src\include\aiconfig.h">
			<Option compilerVar=""/>
			<Option compile="0"/>
			<Option link="0"/>
			<Option target="Release"/>
			<Option target="Debug"/>
		</Unit>
		<Unit filename="..\..\..\src\include\arch.h">
			<Option compilerVar=""/>
			<Option compile="0"/>
			<Option link="0"/>
			<Option target="Release"/>
			<Option target="Debug"/>
		</Unit>
		<Unit filename="..\..\..\src\include\artifact.h">
			<Option compilerVar=""/>
			<Option compile="0"/>
			<Option link="0"/>
			<Option target="Release"/>
			<Option target="Debug"/>
		</Unit>
		<Unit filename="..\..\..\src\include\attack.h">
			<Option compilerVar=""/>
			<Option compile="0"/>
			<Option link="0"/>
			<Option target="Release"/>
			<Option target="Debug"/>
		</Unit>
		<Unit filename="..\..\..\src\include\behaviourdecl.h">
			<Option compilerVar=""/>
			<Option compile="0"/>
			<Option link="0"/>
			<Option target="Release"/>
			<Option target="Debug"/>
		</Unit>
		<Unit filename="..\..\..\src\include\book.h">
			<Option compilerVar=""/>
			<Option compile="0"/>
			<Option link="0"/>
			<Option target="Release"/>
			<Option target="Debug"/>
		</Unit>
		<Unit filename="..\..\..\src\include\channel.h">
			<Option compilerVar=""/>
			<Option compile="0"/>
			<Option link="0"/>
			<Option target="Release"/>
			<Option target="Debug"/>
		</Unit>
		<Unit filename="..\..\..\src\include\commands.h">
			<Option compilerVar=""/>
			<Option compile="0"/>
			<Option link="0"/>
			<Option target="Release"/>
			<Option target="Debug"/>
		</Unit>
		<Unit filename="..\..\..\src\include\config.h">
			<Option compilerVar=""/>
			<Option compile="0"/>
			<Option link="0"/>
			<Option target="Release"/>
			<Option target="Debug"/>
		</Unit>
		<Unit filename="..\..\..\src\include\debug.h">
			<Option compilerVar=""/>
			<Option compile="0"/>
			<Option link="0"/>
			<Option target="Release"/>
			<Option target="Debug"/>
		</Unit>
		<Unit filename="..\..\..\src\include\define.h">
			<Option compilerVar=""/>
			<Option compile="0"/>
			<Option link="0"/>
			<Option target="Release"/>
			<Option target="Debug"/>
		</Unit>
		<Unit filename="..\..\..\src\include\face.h">
			<Option compilerVar=""/>
			<Option compile="0"/>
			<Option link="0"/>
			<Option target="Release"/>
			<Option target="Debug"/>
		</Unit>
		<Unit filename="..\..\..\src\include\global.h">
			<Option compilerVar=""/>
			<Option compile="0"/>
			<Option link="0"/>
			<Option target="Release"/>
			<Option target="Debug"/>
		</Unit>
		<Unit filename="..\..\..\src\include\gmaster.h">
			<Option compilerVar=""/>
			<Option compile="0"/>
			<Option link="0"/>
			<Option target="Release"/>
			<Option target="Debug"/>
		</Unit>
		<Unit filename="..\..\..\src\include\god.h">
			<Option compilerVar=""/>
			<Option compile="0"/>
			<Option link="0"/>
			<Option target="Release"/>
			<Option target="Debug"/>
		</Unit>
		<Unit filename="..\..\..\src\include\hashfunc.h">
			<Option compilerVar=""/>
			<Option compile="0"/>
			<Option link="0"/>
			<Option target="Release"/>
			<Option target="Debug"/>
		</Unit>
		<Unit filename="..\..\..\src\include\hashtable.h">
			<Option compilerVar=""/>
			<Option compile="0"/>
			<Option link="0"/>
			<Option target="Release"/>
			<Option target="Debug"/>
		</Unit>
		<Unit filename="..\..\..\src\include\includes.h">
			<Option compilerVar=""/>
			<Option compile="0"/>
			<Option link="0"/>
			<Option target="Release"/>
			<Option target="Debug"/>
		</Unit>
		<Unit filename="..\..\..\src\include\libproto.h">
			<Option compilerVar=""/>
			<Option compile="0"/>
			<Option link="0"/>
			<Option target="Release"/>
			<Option target="Debug"/>
		</Unit>
		<Unit filename="..\..\..\src\include\links.h">
			<Option compilerVar=""/>
			<Option compile="0"/>
			<Option link="0"/>
			<Option target="Release"/>
			<Option target="Debug"/>
		</Unit>
		<Unit filename="..\..\..\src\include\living.h">
			<Option compilerVar=""/>
			<Option compile="0"/>
			<Option link="0"/>
			<Option target="Release"/>
			<Option target="Debug"/>
		</Unit>
		<Unit filename="..\..\..\src\include\loader.h">
			<Option compilerVar=""/>
			<Option compile="0"/>
			<Option link="0"/>
			<Option target="Release"/>
			<Option target="Debug"/>
		</Unit>
		<Unit filename="..\..\..\src\include\logger.h">
			<Option compilerVar=""/>
			<Option compile="0"/>
			<Option link="0"/>
			<Option target="Release"/>
			<Option target="Debug"/>
		</Unit>
		<Unit filename="..\..\..\src\include\map.h">
			<Option compilerVar=""/>
			<Option compile="0"/>
			<Option link="0"/>
			<Option target="Release"/>
			<Option target="Debug"/>
		</Unit>
		<Unit filename="..\..\..\src\include\material.h">
			<Option compilerVar=""/>
			<Option compile="0"/>
			<Option link="0"/>
			<Option target="Release"/>
			<Option target="Debug"/>
		</Unit>
		<Unit filename="..\..\..\src\include\mempool.h">
			<Option compilerVar=""/>
			<Option compile="0"/>
			<Option link="0"/>
			<Option target="Release"/>
			<Option target="Debug"/>
		</Unit>
		<Unit filename="..\..\..\src\include\monster.h">
			<Option compilerVar=""/>
			<Option compile="0"/>
			<Option link="0"/>
			<Option target="Release"/>
			<Option target="Debug"/>
		</Unit>
		<Unit filename="..\..\..\src\include\newclient.h">
			<Option compilerVar=""/>
			<Option compile="0"/>
			<Option link="0"/>
			<Option target="Release"/>
			<Option target="Debug"/>
		</Unit>
		<Unit filename="..\..\..\src\include\newserver.h">
			<Option compilerVar=""/>
			<Option compile="0"/>
			<Option link="0"/>
			<Option target="Release"/>
			<Option target="Debug"/>
		</Unit>
		<Unit filename="..\..\..\src\include\object.h">
			<Option compilerVar=""/>
			<Option compile="0"/>
			<Option link="0"/>
			<Option target="Release"/>
			<Option target="Debug"/>
		</Unit>
		<Unit filename="..\..\..\src\include\pathfinder.h">
			<Option compilerVar=""/>
			<Option compile="0"/>
			<Option link="0"/>
			<Option target="Release"/>
			<Option target="Debug"/>
		</Unit>
		<Unit filename="..\..\..\src\include\player.h">
			<Option compilerVar=""/>
			<Option compile="0"/>
			<Option link="0"/>
			<Option target="Release"/>
			<Option target="Debug"/>
		</Unit>
		<Unit filename="..\..\..\src\include\plugin.h">
			<Option compilerVar=""/>
			<Option compile="0"/>
			<Option link="0"/>
			<Option target="Release"/>
			<Option target="Debug"/>
		</Unit>
		<Unit filename="..\..\..\src\include\plugproto.h">
			<Option compilerVar=""/>
			<Option compile="0"/>
			<Option link="0"/>
			<Option target="Release"/>
			<Option target="Debug"/>
		</Unit>
		<Unit filename="..\..\..\src\include\quest.h">
			<Option compilerVar=""/>
			<Option compile="0"/>
			<Option link="0"/>
			<Option target="Release"/>
			<Option target="Debug"/>
		</Unit>
		<Unit filename="..\..\..\src\include\race.h">
			<Option compilerVar=""/>
			<Option compile="0"/>
			<Option link="0"/>
			<Option target="Release"/>
			<Option target="Debug"/>
		</Unit>
		<Unit filename="..\..\..\src\include\re-cmp.h">
			<Option compilerVar=""/>
			<Option compile="0"/>
			<Option link="0"/>
			<Option target="Release"/>
			<Option target="Debug"/>
		</Unit>
		<Unit filename="..\..\..\src\include\recipe.h">
			<Option compilerVar=""/>
			<Option compile="0"/>
			<Option link="0"/>
			<Option target="Release"/>
			<Option target="Debug"/>
		</Unit>
		<Unit filename="..\..\..\src\include\shstr_ng.h">
			<Option compilerVar=""/>
			<Option compile="0"/>
			<Option link="0"/>
			<Option target="Release"/>
			<Option target="Debug"/>
		</Unit>
		<Unit filename="..\..\..\src\include\skillist.h">
			<Option compilerVar=""/>
			<Option compile="0"/>
			<Option link="0"/>
			<Option target="Release"/>
			<Option target="Debug"/>
		</Unit>
		<Unit filename="..\..\..\src\include\skills.h">
			<Option compilerVar=""/>
			<Option compile="0"/>
			<Option link="0"/>
			<Option target="Release"/>
			<Option target="Debug"/>
		</Unit>
		<Unit filename="..\..\..\src\include\sockproto.h">
			<Option compilerVar=""/>
			<Option compile="0"/>
			<Option link="0"/>
			<Option target="Release"/>
			<Option target="Debug"/>
		</Unit>
		<Unit filename="..\..\..\src\include\sounds.h">
			<Option compilerVar=""/>
			<Option compile="0"/>
			<Option link="0"/>
			<Option target="Release"/>
			<Option target="Debug"/>
		</Unit>
		<Unit filename="..\..\..\src\include\spellist.h">
			<Option compilerVar=""/>
			<Option compile="0"/>
			<Option link="0"/>
			<Option target="Release"/>
			<Option target="Debug"/>
		</Unit>
		<Unit filename="..\..\..\src\include\spells.h">
			<Option compilerVar=""/>
			<Option compile="0"/>
			<Option link="0"/>
			<Option target="Release"/>
			<Option target="Debug"/>
		</Unit>
		<Unit filename="..\..\..\src\include\sproto.h">
			<Option compilerVar=""/>
			<Option compile="0"/>
			<Option link="0"/>
			<Option target="Release"/>
			<Option target="Debug"/>
		</Unit>
		<Unit filename="..\..\..\src\include\stats.h">
			<Option compilerVar=""/>
			<Option compile="0"/>
			<Option link="0"/>
			<Option target="Release"/>
			<Option target="Debug"/>
		</Unit>
		<Unit filename="..\..\..\src\include\testproto.h">
			<Option compilerVar=""/>
			<Option compile="0"/>
			<Option link="0"/>
			<Option target="Release"/>
			<Option target="Debug"/>
		</Unit>
		<Unit filename="..\..\..\src\include\timeutils.h">
			<Option compilerVar=""/>
			<Option compile="0"/>
			<Option link="0"/>
			<Option target="Release"/>
			<Option target="Debug"/>
		</Unit>
		<Unit filename="..\..\..\src\include\tod.h">
			<Option compilerVar=""/>
			<Option compile="0"/>
			<Option link="0"/>
			<Option target="Release"/>
			<Option target="Debug"/>
		</Unit>
		<Unit filename="..\..\..\src\include\treasure.h">
			<Option compilerVar=""/>
			<Option compile="0"/>
			<Option link="0"/>
			<Option target="Release"/>
			<Option target="Debug"/>
		</Unit>
		<Unit filename="..\..\..\src\include\version.h">
			<Option compilerVar=""/>
			<Option compile="0"/>
			<Option link="0"/>
			<Option target="Release"/>
			<Option target="Debug"/>
		</Unit>
		<Unit filename="..\..\..\src\include\win32.h">
			<Option compilerVar=""/>
			<Option compile="0"/>
			<Option link="0"/>
			<Option target="Release"/>
			<Option target="Debug"/>
		</Unit>
		<Unit filename="..\..\..\src\random_maps\decor.c">
			<Option compilerVar="CC"/>
			<Option target="Release"/>
			<Option target="Debug"/>
		</Unit>
		<Unit filename="..\..\..\src\random_maps\door.c">
			<Option compilerVar="CC"/>
			<Option target="Release"/>
			<Option target="Debug"/>
		</Unit>
		<Unit filename="..\..\..\src\random_maps\exit.c">
			<Option compilerVar="CC"/>
			<Option target="Release"/>
			<Option target="Debug"/>
		</Unit>
		<Unit filename="..\..\..\src\random_maps\expand2x.c">
			<Option compilerVar="CC"/>
			<Option target="Release"/>
			<Option target="Debug"/>
		</Unit>
		<Unit filename="..\..\..\src\random_maps\expand2x.h">
			<Option compilerVar=""/>
			<Option compile="0"/>
			<Option link="0"/>
			<Option target="Release"/>
			<Option target="Debug"/>
		</Unit>
		<Unit filename="..\..\..\src\random_maps\floor.c">
			<Option compilerVar="CC"/>
			<Option target="Release"/>
			<Option target="Debug"/>
		</Unit>
		<Unit filename="..\..\..\src\random_maps\maze_gen.c">
			<Option compilerVar="CC"/>
			<Option target="Release"/>
			<Option target="Debug"/>
		</Unit>
		<Unit filename="..\..\..\src\random_maps\maze_gen.h">
			<Option compilerVar=""/>
			<Option compile="0"/>
			<Option link="0"/>
			<Option target="Release"/>
			<Option target="Debug"/>
		</Unit>
		<Unit filename="..\..\..\src\random_maps\monster.c">
			<Option compilerVar="CC"/>
			<Option target="Release"/>
			<Option target="Debug"/>
		</Unit>
		<Unit filename="..\..\..\src\random_maps\random_map.c">
			<Option compilerVar="CC"/>
			<Option target="Release"/>
			<Option target="Debug"/>
		</Unit>
		<Unit filename="..\..\..\src\random_maps\random_map.h">
			<Option compilerVar=""/>
			<Option compile="0"/>
			<Option link="0"/>
			<Option target="Release"/>
			<Option target="Debug"/>
		</Unit>
		<Unit filename="..\..\..\src\random_maps\reader.c">
			<Option compilerVar="CC"/>
			<Option target="Release"/>
			<Option target="Debug"/>
		</Unit>
		<Unit filename="..\..\..\src\random_maps\rogue_layout.c">
			<Option compilerVar="CC"/>
			<Option target="Release"/>
			<Option target="Debug"/>
		</Unit>
		<Unit filename="..\..\..\src\random_maps\room_gen.h">
			<Option compilerVar=""/>
			<Option compile="0"/>
			<Option link="0"/>
			<Option target="Release"/>
			<Option target="Debug"/>
		</Unit>
		<Unit filename="..\..\..\src\random_maps\room_gen_onion.c">
			<Option compilerVar="CC"/>
			<Option target="Release"/>
			<Option target="Debug"/>
		</Unit>
		<Unit filename="..\..\..\src\random_maps\room_gen_spiral.c">
			<Option compilerVar="CC"/>
			<Option target="Release"/>
			<Option target="Debug"/>
		</Unit>
		<Unit filename="..\..\..\src\random_maps\rproto.h">
			<Option compilerVar=""/>
			<Option compile="0"/>
			<Option link="0"/>
			<Option target="Release"/>
			<Option target="Debug"/>
		</Unit>
		<Unit filename="..\..\..\src\random_maps\snake.c">
			<Option compilerVar="CC"/>
			<Option target="Release"/>
			<Option target="Debug"/>
		</Unit>
		<Unit filename="..\..\..\src\random_maps\special.c">
			<Option compilerVar="CC"/>
			<Option target="Release"/>
			<Option target="Debug"/>
		</Unit>
		<Unit filename="..\..\..\src\random_maps\square_spiral.c">
			<Option compilerVar="CC"/>
			<Option target="Release"/>
			<Option target="Debug"/>
		</Unit>
		<Unit filename="..\..\..\src\random_maps\style.c">
			<Option compilerVar="CC"/>
			<Option target="Release"/>
			<Option target="Debug"/>
		</Unit>
		<Unit filename="..\..\..\src\random_maps\treasure.c">
			<Option compilerVar="CC"/>
			<Option target="Release"/>
			<Option target="Debug"/>
		</Unit>
		<Unit filename="..\..\..\src\random_maps\wall.c">
			<Option compilerVar="CC"/>
			<Option target="Release"/>
			<Option target="Debug"/>
		</Unit>
		<Unit filename="..\..\..\src\server\aiconfig.c">
			<Option compilerVar="CC"/>
			<Option target="Release"/>
			<Option target="Debug"/>
		</Unit>
		<Unit filename="..\..\..\src\server\alchemy.c">
			<Option compilerVar="CC"/>
			<Option target="Release"/>
			<Option target="Debug"/>
		</Unit>
		<Unit filename="..\..\..\src\server\apply.c">
			<Option compilerVar="CC"/>
			<Option target="Release"/>
			<Option target="Debug"/>
		</Unit>
		<Unit filename="..\..\..\src\server\attack.c">
			<Option compilerVar="CC"/>
			<Option target="Release"/>
			<Option target="Debug"/>
		</Unit>
		<Unit filename="..\..\..\src\server\ban.c">
			<Option compilerVar="CC"/>
			<Option target="Release"/>
			<Option target="Debug"/>
		</Unit>
		<Unit filename="..\..\..\src\server\c_chat.c">
			<Option compilerVar="CC"/>
			<Option target="Release"/>
			<Option target="Debug"/>
		</Unit>
		<Unit filename="..\..\..\src\server\c_misc.c">
			<Option compilerVar="CC"/>
			<Option target="Release"/>
			<Option target="Debug"/>
		</Unit>
		<Unit filename="..\..\..\src\server\c_move.c">
			<Option compilerVar="CC"/>
			<Option target="Release"/>
			<Option target="Debug"/>
		</Unit>
		<Unit filename="..\..\..\src\server\c_new.c">
			<Option compilerVar="CC"/>
			<Option target="Release"/>
			<Option target="Debug"/>
		</Unit>
		<Unit filename="..\..\..\src\server\c_object.c">
			<Option compilerVar="CC"/>
			<Option target="Release"/>
			<Option target="Debug"/>
		</Unit>
		<Unit filename="..\..\..\src\server\c_party.c">
			<Option compilerVar="CC"/>
			<Option target="Release"/>
			<Option target="Debug"/>
		</Unit>
		<Unit filename="..\..\..\src\server\c_range.c">
			<Option compilerVar="CC"/>
			<Option target="Release"/>
			<Option target="Debug"/>
		</Unit>
		<Unit filename="..\..\..\src\server\c_wiz.c">
			<Option compilerVar="CC"/>
			<Option target="Release"/>
			<Option target="Debug"/>
		</Unit>
		<Unit filename="..\..\..\src\server\channel.c">
			<Option compilerVar="CC"/>
			<Option target="Release"/>
			<Option target="Debug"/>
		</Unit>
		<Unit filename="..\..\..\src\server\commands.c">
			<Option compilerVar="CC"/>
			<Option target="Release"/>
			<Option target="Debug"/>
		</Unit>
		<Unit filename="..\..\..\src\server\container.c">
			<Option compilerVar="CC"/>
			<Option target="Release"/>
			<Option target="Debug"/>
		</Unit>
		<Unit filename="..\..\..\src\server\disease.c">
			<Option compilerVar="CC"/>
			<Option target="Release"/>
			<Option target="Debug"/>
		</Unit>
		<Unit filename="..\..\..\src\server\egoitem.c">
			<Option compilerVar="CC"/>
			<Option target="Release"/>
			<Option target="Debug"/>
		</Unit>
		<Unit filename="..\..\..\src\server\gmaster.c">
			<Option compilerVar="CC"/>
			<Option target="Release"/>
			<Option target="Debug"/>
		</Unit>
		<Unit filename="..\..\..\src\server\gods.c">
			<Option compilerVar="CC"/>
			<Option target="Release"/>
			<Option target="Debug"/>
		</Unit>
		<Unit filename="..\..\..\src\server\init.c">
			<Option compilerVar="CC"/>
			<Option target="Release"/>
			<Option target="Debug"/>
		</Unit>
		<Unit filename="..\..\..\src\server\login.c">
			<Option compilerVar="CC"/>
			<Option target="Release"/>
			<Option target="Debug"/>
		</Unit>
		<Unit filename="..\..\..\src\server\main.c">
			<Option compilerVar="CC"/>
			<Option target="Release"/>
			<Option target="Debug"/>
		</Unit>
		<Unit filename="..\..\..\src\server\monster.c">
			<Option compilerVar="CC"/>
			<Option target="Release"/>
			<Option target="Debug"/>
		</Unit>
		<Unit filename="..\..\..\src\server\monster_behaviours.c">
			<Option compilerVar="CC"/>
			<Option target="Release"/>
			<Option target="Debug"/>
		</Unit>
		<Unit filename="..\..\..\src\server\monster_behaviourset.c">
			<Option compilerVar="CC"/>
			<Option target="Release"/>
			<Option target="Debug"/>
		</Unit>
		<Unit filename="..\..\..\src\server\monster_memory.c">
			<Option compilerVar="CC"/>
			<Option target="Release"/>
			<Option target="Debug"/>
		</Unit>
		<Unit filename="..\..\..\src\server\move.c">
			<Option compilerVar="CC"/>
			<Option target="Release"/>
			<Option target="Debug"/>
		</Unit>
		<Unit filename="..\..\..\src\server\mtrand.c">
			<Option compilerVar="CC"/>
			<Option target="Release"/>
			<Option target="Debug"/>
		</Unit>
		<Unit filename="..\..\..\src\server\npc_communicate.c">
			<Option compilerVar="CC"/>
			<Option target="Release"/>
			<Option target="Debug"/>
		</Unit>
		<Unit filename="..\..\..\src\server\pathfinder.c">
			<Option compilerVar="CC"/>
			<Option target="Release"/>
			<Option target="Debug"/>
		</Unit>
		<Unit filename="..\..\..\src\server\pets.c">
			<Option compilerVar="CC"/>
			<Option target="Release"/>
			<Option target="Debug"/>
		</Unit>
		<Unit filename="..\..\..\src\server\player.c">
			<Option compilerVar="CC"/>
			<Option target="Release"/>
			<Option target="Debug"/>
		</Unit>
		<Unit filename="..\..\..\src\server\plugins.c">
			<Option compilerVar="CC"/>
			<Option target="Release"/>
			<Option target="Debug"/>
		</Unit>
		<Unit filename="..\..\..\src\server\resurrection.c">
			<Option compilerVar="CC"/>
			<Option target="Release"/>
			<Option target="Debug"/>
		</Unit>
		<Unit filename="..\..\..\src\server\rune.c">
			<Option compilerVar="CC"/>
			<Option target="Release"/>
			<Option target="Debug"/>
		</Unit>
		<Unit filename="..\..\..\src\server\shop.c">
			<Option compilerVar="CC"/>
			<Option target="Release"/>
			<Option target="Debug"/>
		</Unit>
		<Unit filename="..\..\..\src\server\skill_util.c">
			<Option compilerVar="CC"/>
			<Option target="Release"/>
			<Option target="Debug"/>
		</Unit>
		<Unit filename="..\..\..\src\server\skills.c">
			<Option compilerVar="CC"/>
			<Option target="Release"/>
			<Option target="Debug"/>
		</Unit>
		<Unit filename="..\..\..\src\server\spawn_point.c">
			<Option compilerVar="CC"/>
			<Option target="Release"/>
			<Option target="Debug"/>
		</Unit>
		<Unit filename="..\..\..\src\server\spell_effect.c">
			<Option compilerVar="CC"/>
			<Option target="Release"/>
			<Option target="Debug"/>
		</Unit>
		<Unit filename="..\..\..\src\server\spell_util.c">
			<Option compilerVar="CC"/>
			<Option target="Release"/>
			<Option target="Debug"/>
		</Unit>
		<Unit filename="..\..\..\src\server\swamp.c">
			<Option compilerVar="CC"/>
			<Option target="Release"/>
			<Option target="Debug"/>
		</Unit>
		<Unit filename="..\..\..\src\server\swap.c">
			<Option compilerVar="CC"/>
			<Option target="Release"/>
			<Option target="Debug"/>
		</Unit>
		<Unit filename="..\..\..\src\server\time.c">
			<Option compilerVar="CC"/>
			<Option target="Release"/>
			<Option target="Debug"/>
		</Unit>
		<Unit filename="..\..\..\src\server\weather.c">
			<Option compilerVar="CC"/>
			<Option target="Release"/>
			<Option target="Debug"/>
		</Unit>
		<Unit filename="..\..\..\src\socket\adler32.c">
			<Option compilerVar="CC"/>
			<Option target="Release"/>
			<Option target="Debug"/>
		</Unit>
		<Unit filename="..\..\..\src\socket\compress.c">
			<Option compilerVar="CC"/>
			<Option target="Release"/>
			<Option target="Debug"/>
		</Unit>
		<Unit filename="..\..\..\src\socket\crc32.c">
			<Option compilerVar="CC"/>
			<Option target="Release"/>
			<Option target="Debug"/>
		</Unit>
		<Unit filename="..\..\..\src\socket\crc32.h">
			<Option compilerVar=""/>
			<Option compile="0"/>
			<Option link="0"/>
			<Option target="Release"/>
			<Option target="Debug"/>
		</Unit>
		<Unit filename="..\..\..\src\socket\deflate.c">
			<Option compilerVar="CC"/>
			<Option target="Release"/>
			<Option target="Debug"/>
		</Unit>
		<Unit filename="..\..\..\src\socket\deflate.h">
			<Option compilerVar=""/>
			<Option compile="0"/>
			<Option link="0"/>
			<Option target="Release"/>
			<Option target="Debug"/>
		</Unit>
		<Unit filename="..\..\..\src\socket\image.c">
			<Option compilerVar="CC"/>
			<Option target="Release"/>
			<Option target="Debug"/>
		</Unit>
		<Unit filename="..\..\..\src\socket\info.c">
			<Option compilerVar="CC"/>
			<Option target="Release"/>
			<Option target="Debug"/>
		</Unit>
		<Unit filename="..\..\..\src\socket\init.c">
			<Option compilerVar="CC"/>
			<Option target="Release"/>
			<Option target="Debug"/>
		</Unit>
		<Unit filename="..\..\..\src\socket\item.c">
			<Option compilerVar="CC"/>
			<Option target="Release"/>
			<Option target="Debug"/>
		</Unit>
		<Unit filename="..\..\..\src\socket\loop.c">
			<Option compilerVar="CC"/>
			<Option target="Release"/>
			<Option target="Debug"/>
		</Unit>
		<Unit filename="..\..\..\src\socket\lowlevel.c">
			<Option compilerVar="CC"/>
			<Option target="Release"/>
			<Option target="Debug"/>
		</Unit>
		<Unit filename="..\..\..\src\socket\metaserver.c">
			<Option compilerVar="CC"/>
			<Option target="Release"/>
			<Option target="Debug"/>
		</Unit>
		<Unit filename="..\..\..\src\socket\request.c">
			<Option compilerVar="CC"/>
			<Option target="Release"/>
			<Option target="Debug"/>
		</Unit>
		<Unit filename="..\..\..\src\socket\sounds.c">
			<Option compilerVar="CC"/>
			<Option target="Release"/>
			<Option target="Debug"/>
		</Unit>
		<Unit filename="..\..\..\src\socket\trees.c">
			<Option compilerVar="CC"/>
			<Option target="Release"/>
			<Option target="Debug"/>
		</Unit>
		<Unit filename="..\..\..\src\socket\trees.h">
			<Option compilerVar=""/>
			<Option compile="0"/>
			<Option link="0"/>
			<Option target="Release"/>
			<Option target="Debug"/>
		</Unit>
		<Unit filename="..\..\..\src\socket\zconf.h">
			<Option compilerVar=""/>
			<Option compile="0"/>
			<Option link="0"/>
			<Option target="Release"/>
			<Option target="Debug"/>
		</Unit>
		<Unit filename="..\..\..\src\socket\zlib.h">
			<Option compilerVar=""/>
			<Option compile="0"/>
			<Option link="0"/>
			<Option target="Release"/>
			<Option target="Debug"/>
		</Unit>
		<Unit filename="..\..\..\src\socket\zutil.c">
			<Option compilerVar="CC"/>
			<Option target="Release"/>
			<Option target="Debug"/>
		</Unit>
		<Unit filename="..\..\..\src\socket\zutil.h">
			<Option compilerVar=""/>
			<Option compile="0"/>
			<Option link="0"/>
			<Option target="Release"/>
			<Option target="Debug"/>
		</Unit>
		<Unit filename="..\..\..\src\tests\benchmark_main.c">
			<Option compilerVar="CC"/>
			<Option target="Release"/>
			<Option target="Debug"/>
		</Unit>
		<Unit filename="..\..\..\src\tests\benchmark_shstr.c">
			<Option compilerVar="CC"/>
			<Option target="Release"/>
			<Option target="Debug"/>
		</Unit>
		<Unit filename="..\..\..\src\tests\test_main.c">
			<Option compilerVar="CC"/>
			<Option target="Release"/>
			<Option target="Debug"/>
		</Unit>
		<Unit filename="..\..\..\src\tests\test_shstr.c">
			<Option compilerVar="CC"/>
			<Option target="Release"/>
			<Option target="Debug"/>
		</Unit>
	</Project>
</CodeBlocks_project_file>
